// !$*UTF8*$!
{
	archiveVersion = 1;
	classes = {
	};
	objectVersion = 51;
	objects = {

/* Begin PBXBuildFile section */
		104D0DB7A3DA7B6E9738A270 /* libPods-MapsCodeTestUITests.a in Frameworks */ = {isa = PBXBuildFile; fileRef = 1100EB2FBFFC515865E47C70 /* libPods-MapsCodeTestUITests.a */; };
		2C2A3A01245429BB00D76132 /* AppDelegate.swift in Sources */ = {isa = PBXBuildFile; fileRef = 2C2A3A00245429BB00D76132 /* AppDelegate.swift */; };
		2C2A3A03245429BB00D76132 /* SceneDelegate.swift in Sources */ = {isa = PBXBuildFile; fileRef = 2C2A3A02245429BB00D76132 /* SceneDelegate.swift */; };
		2C2A3A0A245429BE00D76132 /* Assets.xcassets in Resources */ = {isa = PBXBuildFile; fileRef = 2C2A3A09245429BE00D76132 /* Assets.xcassets */; };
		2C2A3A0D245429BE00D76132 /* LaunchScreen.storyboard in Resources */ = {isa = PBXBuildFile; fileRef = 2C2A3A0B245429BE00D76132 /* LaunchScreen.storyboard */; };
		2C2A3A18245429BE00D76132 /* MapsCodeTestTests.swift in Sources */ = {isa = PBXBuildFile; fileRef = 2C2A3A17245429BE00D76132 /* MapsCodeTestTests.swift */; };
		2C2A3A23245429BE00D76132 /* MapsCodeTestUITests.swift in Sources */ = {isa = PBXBuildFile; fileRef = 2C2A3A22245429BE00D76132 /* MapsCodeTestUITests.swift */; };
		2C2A3A3424542D5F00D76132 /* AutoMockable.generated.swift in Sources */ = {isa = PBXBuildFile; fileRef = 2C2A3A3324542D5F00D76132 /* AutoMockable.generated.swift */; };
		2C2A3A3824542D8B00D76132 /* AutoMockable.swift in Sources */ = {isa = PBXBuildFile; fileRef = 2C2A3A3724542D8B00D76132 /* AutoMockable.swift */; };
		2C2A3A3B24542E1400D76132 /* View.swift in Sources */ = {isa = PBXBuildFile; fileRef = 2C2A3A3A24542E1400D76132 /* View.swift */; };
		2C2A3A4624542F9900D76132 /* MapView.swift in Sources */ = {isa = PBXBuildFile; fileRef = 2C2A3A4524542F9900D76132 /* MapView.swift */; };
		2C2A3A4824542FCE00D76132 /* MapKitProvider.swift in Sources */ = {isa = PBXBuildFile; fileRef = 2C2A3A4724542FCE00D76132 /* MapKitProvider.swift */; };
		2C2A3A4A24542FE700D76132 /* MapProvider.swift in Sources */ = {isa = PBXBuildFile; fileRef = 2C2A3A4924542FE700D76132 /* MapProvider.swift */; };
		2C2A3A502454305700D76132 /* RouteDrawable.swift in Sources */ = {isa = PBXBuildFile; fileRef = 2C2A3A4F2454305700D76132 /* RouteDrawable.swift */; };
		2C2A3A522454306E00D76132 /* MapKitRouteDrawable.swift in Sources */ = {isa = PBXBuildFile; fileRef = 2C2A3A512454306E00D76132 /* MapKitRouteDrawable.swift */; };
		2C2A3A542454309F00D76132 /* Polyline.swift in Sources */ = {isa = PBXBuildFile; fileRef = 2C2A3A532454309F00D76132 /* Polyline.swift */; };
		2C2A3A56245430B300D76132 /* MKMultiPoint+Extensions.swift in Sources */ = {isa = PBXBuildFile; fileRef = 2C2A3A55245430B300D76132 /* MKMultiPoint+Extensions.swift */; };
		2C2A3A5C245434C300D76132 /* Assembly.swift in Sources */ = {isa = PBXBuildFile; fileRef = 2C2A3A5B245434C300D76132 /* Assembly.swift */; };
		2C2A3A6A2454375C00D76132 /* TripListNavigator.swift in Sources */ = {isa = PBXBuildFile; fileRef = 2C2A3A602454375C00D76132 /* TripListNavigator.swift */; };
		2C2A3A6B2454375C00D76132 /* TripListPresenter.swift in Sources */ = {isa = PBXBuildFile; fileRef = 2C2A3A612454375C00D76132 /* TripListPresenter.swift */; };
		2C2A3A6C2454375C00D76132 /* TripListViewController.swift in Sources */ = {isa = PBXBuildFile; fileRef = 2C2A3A622454375C00D76132 /* TripListViewController.swift */; };
		2C2A3A6D2454375C00D76132 /* DefaultTripListInteractor.swift in Sources */ = {isa = PBXBuildFile; fileRef = 2C2A3A632454375C00D76132 /* DefaultTripListInteractor.swift */; };
		2C2A3A6E2454375C00D76132 /* TripListInteractor.swift in Sources */ = {isa = PBXBuildFile; fileRef = 2C2A3A642454375C00D76132 /* TripListInteractor.swift */; };
		2C2A3A6F2454375C00D76132 /* DefaultTripListNavigator.swift in Sources */ = {isa = PBXBuildFile; fileRef = 2C2A3A652454375C00D76132 /* DefaultTripListNavigator.swift */; };
		2C2A3A702454375C00D76132 /* TripListView.swift in Sources */ = {isa = PBXBuildFile; fileRef = 2C2A3A662454375C00D76132 /* TripListView.swift */; };
		2C2A3A712454375C00D76132 /* TripListUI.swift in Sources */ = {isa = PBXBuildFile; fileRef = 2C2A3A672454375C00D76132 /* TripListUI.swift */; };
		2C2A3A722454375C00D76132 /* DefaultTripListPresenter.swift in Sources */ = {isa = PBXBuildFile; fileRef = 2C2A3A682454375C00D76132 /* DefaultTripListPresenter.swift */; };
		2C2A3A732454375C00D76132 /* TripListProvider.swift in Sources */ = {isa = PBXBuildFile; fileRef = 2C2A3A692454375C00D76132 /* TripListProvider.swift */; };
		2C2A3A7624543E7300D76132 /* String+MapToDateString.swift in Sources */ = {isa = PBXBuildFile; fileRef = 2C2A3A7524543E7300D76132 /* String+MapToDateString.swift */; };
		2C2A3A7D24543EE500D76132 /* Service.swift in Sources */ = {isa = PBXBuildFile; fileRef = 2C2A3A7C24543EE500D76132 /* Service.swift */; };
		2C2A3A7F24543F0A00D76132 /* NetworkAssembly.swift in Sources */ = {isa = PBXBuildFile; fileRef = 2C2A3A7E24543F0A00D76132 /* NetworkAssembly.swift */; };
		2C2A3A8124543F3900D76132 /* NetworkAssembly+Moya.swift in Sources */ = {isa = PBXBuildFile; fileRef = 2C2A3A8024543F3900D76132 /* NetworkAssembly+Moya.swift */; };
		2C2A3A842454407200D76132 /* Endpoint.swift in Sources */ = {isa = PBXBuildFile; fileRef = 2C2A3A832454407200D76132 /* Endpoint.swift */; };
		2C2A3A862454408100D76132 /* Mappable.swift in Sources */ = {isa = PBXBuildFile; fileRef = 2C2A3A852454408100D76132 /* Mappable.swift */; };
		2C2A3A88245440C000D76132 /* ErrorAdapter.swift in Sources */ = {isa = PBXBuildFile; fileRef = 2C2A3A87245440C000D76132 /* ErrorAdapter.swift */; };
		2C2A3A8A245440DE00D76132 /* DefaultErrorAdapter.swift in Sources */ = {isa = PBXBuildFile; fileRef = 2C2A3A89245440DE00D76132 /* DefaultErrorAdapter.swift */; };
		2C2A3A8C245441D500D76132 /* PrimitiveSequence+CustomError.swift in Sources */ = {isa = PBXBuildFile; fileRef = 2C2A3A8B245441D500D76132 /* PrimitiveSequence+CustomError.swift */; };
		2C2A3A8E245441EA00D76132 /* TargetType+Default.swift in Sources */ = {isa = PBXBuildFile; fileRef = 2C2A3A8D245441EA00D76132 /* TargetType+Default.swift */; };
		2C2A3A912454499300D76132 /* NetworkAssembly+ErrorAdapter.swift in Sources */ = {isa = PBXBuildFile; fileRef = 2C2A3A902454499300D76132 /* NetworkAssembly+ErrorAdapter.swift */; };
		2C2A3A9824544ACA00D76132 /* MapRepository.swift in Sources */ = {isa = PBXBuildFile; fileRef = 2C2A3A9724544ACA00D76132 /* MapRepository.swift */; };
		2C2A3A9A24544AF700D76132 /* MapDataSource.swift in Sources */ = {isa = PBXBuildFile; fileRef = 2C2A3A9924544AF700D76132 /* MapDataSource.swift */; };
		2C2A3A9D24544B1300D76132 /* MapApiDataSource.swift in Sources */ = {isa = PBXBuildFile; fileRef = 2C2A3A9C24544B1300D76132 /* MapApiDataSource.swift */; };
		2C2A3AA324544B6900D76132 /* TripsApiResponse.swift in Sources */ = {isa = PBXBuildFile; fileRef = 2C2A3AA224544B6900D76132 /* TripsApiResponse.swift */; };
		2C2A3AA524544B7D00D76132 /* TripsApiToDomainMapper.swift in Sources */ = {isa = PBXBuildFile; fileRef = 2C2A3AA424544B7D00D76132 /* TripsApiToDomainMapper.swift */; };
		2C2A3AA724544B9A00D76132 /* GetTripsUseCase.swift in Sources */ = {isa = PBXBuildFile; fileRef = 2C2A3AA624544B9A00D76132 /* GetTripsUseCase.swift */; };
		2C2A3AA924544BA800D76132 /* GetTrips.swift in Sources */ = {isa = PBXBuildFile; fileRef = 2C2A3AA824544BA800D76132 /* GetTrips.swift */; };
		2C2A3AAB24544BD600D76132 /* MapService.swift in Sources */ = {isa = PBXBuildFile; fileRef = 2C2A3AAA24544BD600D76132 /* MapService.swift */; };
		2C2A3AB024544C1100D76132 /* Trip.swift in Sources */ = {isa = PBXBuildFile; fileRef = 2C2A3AAF24544C1100D76132 /* Trip.swift */; };
		2C2A3AB224544C2400D76132 /* TripsEndpoint.swift in Sources */ = {isa = PBXBuildFile; fileRef = 2C2A3AB124544C2400D76132 /* TripsEndpoint.swift */; };
		2C2A3AB724544D4600D76132 /* MapsSpec.swift in Sources */ = {isa = PBXBuildFile; fileRef = 2C2A3AB624544D4600D76132 /* MapsSpec.swift */; };
		2C2A3ABA24544D9200D76132 /* NetworkAssembly+MapServices.swift in Sources */ = {isa = PBXBuildFile; fileRef = 2C2A3AB924544D9200D76132 /* NetworkAssembly+MapServices.swift */; };
		2C2A3ABD24544E4100D76132 /* Fixture.swift in Sources */ = {isa = PBXBuildFile; fileRef = 2C2A3ABC24544E4100D76132 /* Fixture.swift */; };
		2C2A3AC024544E9600D76132 /* Trips.ok.json in Resources */ = {isa = PBXBuildFile; fileRef = 2C2A3ABF24544E9600D76132 /* Trips.ok.json */; };
		2C2A3AC32454931000D76132 /* TripViewCell.swift in Sources */ = {isa = PBXBuildFile; fileRef = 2C2A3AC22454931000D76132 /* TripViewCell.swift */; };
		2C2A3AC52454934D00D76132 /* TableViewCell.swift in Sources */ = {isa = PBXBuildFile; fileRef = 2C2A3AC42454934D00D76132 /* TableViewCell.swift */; };
		2C2A3AC7245493CE00D76132 /* TableViewCell+ReuseIdentifier.swift in Sources */ = {isa = PBXBuildFile; fileRef = 2C2A3AC6245493CE00D76132 /* TableViewCell+ReuseIdentifier.swift */; };
		2C2A3ACE2454A14E00D76132 /* TripListViewSpec.swift in Sources */ = {isa = PBXBuildFile; fileRef = 2C2A3ACD2454A14E00D76132 /* TripListViewSpec.swift */; };
		2C2A3AD02454A21900D76132 /* XCTestCase+UIViewController.swift in Sources */ = {isa = PBXBuildFile; fileRef = 2C2A3ACF2454A21900D76132 /* XCTestCase+UIViewController.swift */; };
		2C2A3AD224557BB400D76132 /* TripListPresenterSpec.swift in Sources */ = {isa = PBXBuildFile; fileRef = 2C2A3AD124557BB400D76132 /* TripListPresenterSpec.swift */; };
		2C2A3AD424557D0C00D76132 /* Error+Message.swift in Sources */ = {isa = PBXBuildFile; fileRef = 2C2A3AD324557D0C00D76132 /* Error+Message.swift */; };
		2C2A3AD624557D5F00D76132 /* UIViewController+Loading.swift in Sources */ = {isa = PBXBuildFile; fileRef = 2C2A3AD524557D5F00D76132 /* UIViewController+Loading.swift */; };
		2C2A3AD8245580E600D76132 /* UIViewController+ShowErrorMessage.swift in Sources */ = {isa = PBXBuildFile; fileRef = 2C2A3AD7245580E600D76132 /* UIViewController+ShowErrorMessage.swift */; };
		2C2A3ADA2455828D00D76132 /* TripListInteractorSpec.swift in Sources */ = {isa = PBXBuildFile; fileRef = 2C2A3AD92455828D00D76132 /* TripListInteractorSpec.swift */; };
		2C58B8B7245C2A8B00961898 /* FormViewSpec.swift in Sources */ = {isa = PBXBuildFile; fileRef = 2C58B8B6245C2A8B00961898 /* FormViewSpec.swift */; };
		2C58B8BA245C2BF700961898 /* Images.swift in Sources */ = {isa = PBXBuildFile; fileRef = 2C58B8B9245C2BF700961898 /* Images.swift */; };
		2C58B8BC245C2C6A00961898 /* Bundle+Framework.swift in Sources */ = {isa = PBXBuildFile; fileRef = 2C58B8BB245C2C6A00961898 /* Bundle+Framework.swift */; };
		2C58B8BF245C5CB300961898 /* UserDefaultsLocalStorage.swift in Sources */ = {isa = PBXBuildFile; fileRef = 2C58B8BE245C5CB300961898 /* UserDefaultsLocalStorage.swift */; };
		2C58B8C1245C5CD100961898 /* LocalStorage.swift in Sources */ = {isa = PBXBuildFile; fileRef = 2C58B8C0245C5CD100961898 /* LocalStorage.swift */; };
		2C58B8C3245C5D0D00961898 /* LocalStorageKey.swift in Sources */ = {isa = PBXBuildFile; fileRef = 2C58B8C2245C5D0D00961898 /* LocalStorageKey.swift */; };
		2C58B8C6245C5E3400961898 /* FormInfo.swift in Sources */ = {isa = PBXBuildFile; fileRef = 2C58B8C5245C5E3400961898 /* FormInfo.swift */; };
		2C5A1CF72458336B00F597E9 /* TripModelMocks.swift in Sources */ = {isa = PBXBuildFile; fileRef = 2C5A1CF62458336B00F597E9 /* TripModelMocks.swift */; };
		2C7171D8245C69E9005BD939 /* FormPresenterSpec.swift in Sources */ = {isa = PBXBuildFile; fileRef = 2C7171D7245C69E9005BD939 /* FormPresenterSpec.swift */; };
		2C7171DA245C6D3B005BD939 /* FormInteractorSpec.swift in Sources */ = {isa = PBXBuildFile; fileRef = 2C7171D9245C6D3B005BD939 /* FormInteractorSpec.swift */; };
		2C7171DD245C6F26005BD939 /* CurrentTimeAndDate.swift in Sources */ = {isa = PBXBuildFile; fileRef = 2C7171DC245C6F26005BD939 /* CurrentTimeAndDate.swift */; };
		2C7171E2245C7C2E005BD939 /* BadgeNumberUpdater.swift in Sources */ = {isa = PBXBuildFile; fileRef = 2C7171E1245C7C2E005BD939 /* BadgeNumberUpdater.swift */; };
		2C7171E4245C85FF005BD939 /* TextField.swift in Sources */ = {isa = PBXBuildFile; fileRef = 2C7171E3245C85FF005BD939 /* TextField.swift */; };
		2C7171E8245C890B005BD939 /* FieldValidator.swift in Sources */ = {isa = PBXBuildFile; fileRef = 2C7171E7245C890B005BD939 /* FieldValidator.swift */; };
		2C7171EA245C9E0B005BD939 /* UIColor+HexColor.swift in Sources */ = {isa = PBXBuildFile; fileRef = 2C7171E9245C9E0B005BD939 /* UIColor+HexColor.swift */; };
		2C7171ED245CA0C3005BD939 /* EmailValidatorTests.swift in Sources */ = {isa = PBXBuildFile; fileRef = 2C7171EC245CA0C3005BD939 /* EmailValidatorTests.swift */; };
		2C7171EF245D66C6005BD939 /* TextView.swift in Sources */ = {isa = PBXBuildFile; fileRef = 2C7171EE245D66C6005BD939 /* TextView.swift */; };
		2C7171F2245D68D6005BD939 /* FormMocks.swift in Sources */ = {isa = PBXBuildFile; fileRef = 2C7171F1245D68D6005BD939 /* FormMocks.swift */; };
		2C7414622458391500FB071C /* StopPointAnnotation.swift in Sources */ = {isa = PBXBuildFile; fileRef = 2C7414612458391500FB071C /* StopPointAnnotation.swift */; };
		2C74146424583F7100FB071C /* MapKitProvider+Annotation.swift in Sources */ = {isa = PBXBuildFile; fileRef = 2C74146324583F7100FB071C /* MapKitProvider+Annotation.swift */; };
		2C7414722458626C00FB071C /* StopRequest.swift in Sources */ = {isa = PBXBuildFile; fileRef = 2C7414712458626C00FB071C /* StopRequest.swift */; };
		2C7414742458627A00FB071C /* Stop.swift in Sources */ = {isa = PBXBuildFile; fileRef = 2C7414732458627A00FB071C /* Stop.swift */; };
		2C741476245895A500FB071C /* StopEndpoint.swift in Sources */ = {isa = PBXBuildFile; fileRef = 2C741475245895A500FB071C /* StopEndpoint.swift */; };
		2C7414782458961C00FB071C /* StopApiToDomainMapper.swift in Sources */ = {isa = PBXBuildFile; fileRef = 2C7414772458961C00FB071C /* StopApiToDomainMapper.swift */; };
		2C74147A2458962B00FB071C /* StopApiResponse.swift in Sources */ = {isa = PBXBuildFile; fileRef = 2C7414792458962B00FB071C /* StopApiResponse.swift */; };
		2C74147C2458966A00FB071C /* GetStopUseCase.swift in Sources */ = {isa = PBXBuildFile; fileRef = 2C74147B2458966A00FB071C /* GetStopUseCase.swift */; };
		2C74147E2458967C00FB071C /* GetStop.swift in Sources */ = {isa = PBXBuildFile; fileRef = 2C74147D2458967C00FB071C /* GetStop.swift */; };
		2C7414802458ACCC00FB071C /* Stop.ok.json in Resources */ = {isa = PBXBuildFile; fileRef = 2C74147F2458ACCC00FB071C /* Stop.ok.json */; };
		2C741487245ACD6D00FB071C /* StopInfoAlertProvider.swift in Sources */ = {isa = PBXBuildFile; fileRef = 2C741486245ACD6D00FB071C /* StopInfoAlertProvider.swift */; };
		2C741489245ACDD900FB071C /* DefaultStopInfoAlertProvider.swift in Sources */ = {isa = PBXBuildFile; fileRef = 2C741488245ACDD900FB071C /* DefaultStopInfoAlertProvider.swift */; };
		2C74148B245ACEC500FB071C /* StopInfoAlertView.swift in Sources */ = {isa = PBXBuildFile; fileRef = 2C74148A245ACEC500FB071C /* StopInfoAlertView.swift */; };
		2C74149B245C233200FB071C /* Assembly+formViewController.swift in Sources */ = {isa = PBXBuildFile; fileRef = 2C741491245C233200FB071C /* Assembly+formViewController.swift */; };
		2C74149C245C233200FB071C /* FormNavigator.swift in Sources */ = {isa = PBXBuildFile; fileRef = 2C741492245C233200FB071C /* FormNavigator.swift */; };
		2C74149D245C233200FB071C /* FormPresenter.swift in Sources */ = {isa = PBXBuildFile; fileRef = 2C741493245C233200FB071C /* FormPresenter.swift */; };
		2C74149E245C233200FB071C /* FormViewController.swift in Sources */ = {isa = PBXBuildFile; fileRef = 2C741494245C233200FB071C /* FormViewController.swift */; };
		2C74149F245C233200FB071C /* DefaultFormInteractor.swift in Sources */ = {isa = PBXBuildFile; fileRef = 2C741495245C233200FB071C /* DefaultFormInteractor.swift */; };
		2C7414A0245C233200FB071C /* FormInteractor.swift in Sources */ = {isa = PBXBuildFile; fileRef = 2C741496245C233200FB071C /* FormInteractor.swift */; };
		2C7414A1245C233200FB071C /* DefaultFormNavigator.swift in Sources */ = {isa = PBXBuildFile; fileRef = 2C741497245C233200FB071C /* DefaultFormNavigator.swift */; };
		2C7414A2245C233200FB071C /* FormView.swift in Sources */ = {isa = PBXBuildFile; fileRef = 2C741498245C233200FB071C /* FormView.swift */; };
		2C7414A3245C233200FB071C /* FormUI.swift in Sources */ = {isa = PBXBuildFile; fileRef = 2C741499245C233200FB071C /* FormUI.swift */; };
		2C7414A4245C233200FB071C /* DefaultFormPresenter.swift in Sources */ = {isa = PBXBuildFile; fileRef = 2C74149A245C233200FB071C /* DefaultFormPresenter.swift */; };
		2C95D24524558AC40043EEDB /* MapKitProvider+Overlay.swift in Sources */ = {isa = PBXBuildFile; fileRef = 2C95D24424558AC40043EEDB /* MapKitProvider+Overlay.swift */; };
		2C95D248245591540043EEDB /* FontSize.swift in Sources */ = {isa = PBXBuildFile; fileRef = 2C95D247245591540043EEDB /* FontSize.swift */; };
		2C95D24B2456D97C0043EEDB /* AnnotationDrawable.swift in Sources */ = {isa = PBXBuildFile; fileRef = 2C95D24A2456D97C0043EEDB /* AnnotationDrawable.swift */; };
		2C95D24D2456DA7A0043EEDB /* MapKitAnnotationDrawable.swift in Sources */ = {isa = PBXBuildFile; fileRef = 2C95D24C2456DA7A0043EEDB /* MapKitAnnotationDrawable.swift */; };
		2C95D2532456DE5B0043EEDB /* Annotation.swift in Sources */ = {isa = PBXBuildFile; fileRef = 2C95D2522456DE5B0043EEDB /* Annotation.swift */; };
		2C95D2562456DEC60043EEDB /* MapKitAnnotation.swift in Sources */ = {isa = PBXBuildFile; fileRef = 2C95D2552456DEC60043EEDB /* MapKitAnnotation.swift */; };
		2C95D2582456DF0C0043EEDB /* RoutePointAnnotation.swift in Sources */ = {isa = PBXBuildFile; fileRef = 2C95D2572456DF0C0043EEDB /* RoutePointAnnotation.swift */; };
		631B63B5D09F273C8C6AC1DF /* Pods_MapsCodeTestTests.framework in Frameworks */ = {isa = PBXBuildFile; fileRef = 33977991E22538C6028CBFCD /* Pods_MapsCodeTestTests.framework */; };
		B2202508F3AE43381E0DBBAD /* Pods_MapsCodeTest.framework in Frameworks */ = {isa = PBXBuildFile; fileRef = 9EC09DBA751C20C9BB63CDBD /* Pods_MapsCodeTest.framework */; };
/* End PBXBuildFile section */

/* Begin PBXContainerItemProxy section */
		2C2A3A14245429BE00D76132 /* PBXContainerItemProxy */ = {
			isa = PBXContainerItemProxy;
			containerPortal = 2C2A39F5245429BB00D76132 /* Project object */;
			proxyType = 1;
			remoteGlobalIDString = 2C2A39FC245429BB00D76132;
			remoteInfo = MapsCodeTest;
		};
		2C2A3A1F245429BE00D76132 /* PBXContainerItemProxy */ = {
			isa = PBXContainerItemProxy;
			containerPortal = 2C2A39F5245429BB00D76132 /* Project object */;
			proxyType = 1;
			remoteGlobalIDString = 2C2A39FC245429BB00D76132;
			remoteInfo = MapsCodeTest;
		};
/* End PBXContainerItemProxy section */

/* Begin PBXFileReference section */
		1100EB2FBFFC515865E47C70 /* libPods-MapsCodeTestUITests.a */ = {isa = PBXFileReference; explicitFileType = archive.ar; includeInIndex = 0; path = "libPods-MapsCodeTestUITests.a"; sourceTree = BUILT_PRODUCTS_DIR; };
		19C2E1BF320EB9F3FFA04760 /* Pods-MapsCodeTest.release.xcconfig */ = {isa = PBXFileReference; includeInIndex = 1; lastKnownFileType = text.xcconfig; name = "Pods-MapsCodeTest.release.xcconfig"; path = "Target Support Files/Pods-MapsCodeTest/Pods-MapsCodeTest.release.xcconfig"; sourceTree = "<group>"; };
		2C2A39FD245429BB00D76132 /* MapsCodeTest.app */ = {isa = PBXFileReference; explicitFileType = wrapper.application; includeInIndex = 0; path = MapsCodeTest.app; sourceTree = BUILT_PRODUCTS_DIR; };
		2C2A3A00245429BB00D76132 /* AppDelegate.swift */ = {isa = PBXFileReference; lastKnownFileType = sourcecode.swift; path = AppDelegate.swift; sourceTree = "<group>"; };
		2C2A3A02245429BB00D76132 /* SceneDelegate.swift */ = {isa = PBXFileReference; lastKnownFileType = sourcecode.swift; path = SceneDelegate.swift; sourceTree = "<group>"; };
		2C2A3A09245429BE00D76132 /* Assets.xcassets */ = {isa = PBXFileReference; lastKnownFileType = folder.assetcatalog; path = Assets.xcassets; sourceTree = "<group>"; };
		2C2A3A0C245429BE00D76132 /* Base */ = {isa = PBXFileReference; lastKnownFileType = file.storyboard; name = Base; path = Base.lproj/LaunchScreen.storyboard; sourceTree = "<group>"; };
		2C2A3A0E245429BE00D76132 /* Info.plist */ = {isa = PBXFileReference; lastKnownFileType = text.plist.xml; path = Info.plist; sourceTree = "<group>"; };
		2C2A3A13245429BE00D76132 /* MapsCodeTestTests.xctest */ = {isa = PBXFileReference; explicitFileType = wrapper.cfbundle; includeInIndex = 0; path = MapsCodeTestTests.xctest; sourceTree = BUILT_PRODUCTS_DIR; };
		2C2A3A17245429BE00D76132 /* MapsCodeTestTests.swift */ = {isa = PBXFileReference; lastKnownFileType = sourcecode.swift; path = MapsCodeTestTests.swift; sourceTree = "<group>"; };
		2C2A3A19245429BE00D76132 /* Info.plist */ = {isa = PBXFileReference; lastKnownFileType = text.plist.xml; path = Info.plist; sourceTree = "<group>"; };
		2C2A3A1E245429BE00D76132 /* MapsCodeTestUITests.xctest */ = {isa = PBXFileReference; explicitFileType = wrapper.cfbundle; includeInIndex = 0; path = MapsCodeTestUITests.xctest; sourceTree = BUILT_PRODUCTS_DIR; };
		2C2A3A22245429BE00D76132 /* MapsCodeTestUITests.swift */ = {isa = PBXFileReference; lastKnownFileType = sourcecode.swift; path = MapsCodeTestUITests.swift; sourceTree = "<group>"; };
		2C2A3A24245429BE00D76132 /* Info.plist */ = {isa = PBXFileReference; lastKnownFileType = text.plist.xml; path = Info.plist; sourceTree = "<group>"; };
		2C2A3A3324542D5F00D76132 /* AutoMockable.generated.swift */ = {isa = PBXFileReference; fileEncoding = 4; lastKnownFileType = sourcecode.swift; path = AutoMockable.generated.swift; sourceTree = "<group>"; };
		2C2A3A3724542D8B00D76132 /* AutoMockable.swift */ = {isa = PBXFileReference; lastKnownFileType = sourcecode.swift; path = AutoMockable.swift; sourceTree = "<group>"; };
		2C2A3A3A24542E1400D76132 /* View.swift */ = {isa = PBXFileReference; lastKnownFileType = sourcecode.swift; path = View.swift; sourceTree = "<group>"; };
		2C2A3A4524542F9900D76132 /* MapView.swift */ = {isa = PBXFileReference; lastKnownFileType = sourcecode.swift; path = MapView.swift; sourceTree = "<group>"; };
		2C2A3A4724542FCE00D76132 /* MapKitProvider.swift */ = {isa = PBXFileReference; lastKnownFileType = sourcecode.swift; path = MapKitProvider.swift; sourceTree = "<group>"; };
		2C2A3A4924542FE700D76132 /* MapProvider.swift */ = {isa = PBXFileReference; lastKnownFileType = sourcecode.swift; path = MapProvider.swift; sourceTree = "<group>"; };
		2C2A3A4F2454305700D76132 /* RouteDrawable.swift */ = {isa = PBXFileReference; lastKnownFileType = sourcecode.swift; path = RouteDrawable.swift; sourceTree = "<group>"; };
		2C2A3A512454306E00D76132 /* MapKitRouteDrawable.swift */ = {isa = PBXFileReference; lastKnownFileType = sourcecode.swift; path = MapKitRouteDrawable.swift; sourceTree = "<group>"; };
		2C2A3A532454309F00D76132 /* Polyline.swift */ = {isa = PBXFileReference; lastKnownFileType = sourcecode.swift; path = Polyline.swift; sourceTree = "<group>"; };
		2C2A3A55245430B300D76132 /* MKMultiPoint+Extensions.swift */ = {isa = PBXFileReference; lastKnownFileType = sourcecode.swift; path = "MKMultiPoint+Extensions.swift"; sourceTree = "<group>"; };
		2C2A3A5B245434C300D76132 /* Assembly.swift */ = {isa = PBXFileReference; lastKnownFileType = sourcecode.swift; path = Assembly.swift; sourceTree = "<group>"; };
		2C2A3A602454375C00D76132 /* TripListNavigator.swift */ = {isa = PBXFileReference; lastKnownFileType = sourcecode.swift; path = TripListNavigator.swift; sourceTree = "<group>"; };
		2C2A3A612454375C00D76132 /* TripListPresenter.swift */ = {isa = PBXFileReference; lastKnownFileType = sourcecode.swift; path = TripListPresenter.swift; sourceTree = "<group>"; };
		2C2A3A622454375C00D76132 /* TripListViewController.swift */ = {isa = PBXFileReference; lastKnownFileType = sourcecode.swift; path = TripListViewController.swift; sourceTree = "<group>"; };
		2C2A3A632454375C00D76132 /* DefaultTripListInteractor.swift */ = {isa = PBXFileReference; lastKnownFileType = sourcecode.swift; path = DefaultTripListInteractor.swift; sourceTree = "<group>"; };
		2C2A3A642454375C00D76132 /* TripListInteractor.swift */ = {isa = PBXFileReference; lastKnownFileType = sourcecode.swift; path = TripListInteractor.swift; sourceTree = "<group>"; };
		2C2A3A652454375C00D76132 /* DefaultTripListNavigator.swift */ = {isa = PBXFileReference; lastKnownFileType = sourcecode.swift; path = DefaultTripListNavigator.swift; sourceTree = "<group>"; };
		2C2A3A662454375C00D76132 /* TripListView.swift */ = {isa = PBXFileReference; lastKnownFileType = sourcecode.swift; path = TripListView.swift; sourceTree = "<group>"; };
		2C2A3A672454375C00D76132 /* TripListUI.swift */ = {isa = PBXFileReference; lastKnownFileType = sourcecode.swift; path = TripListUI.swift; sourceTree = "<group>"; };
		2C2A3A682454375C00D76132 /* DefaultTripListPresenter.swift */ = {isa = PBXFileReference; lastKnownFileType = sourcecode.swift; path = DefaultTripListPresenter.swift; sourceTree = "<group>"; };
		2C2A3A692454375C00D76132 /* TripListProvider.swift */ = {isa = PBXFileReference; lastKnownFileType = sourcecode.swift; path = TripListProvider.swift; sourceTree = "<group>"; };
		2C2A3A7524543E7300D76132 /* String+MapToDateString.swift */ = {isa = PBXFileReference; lastKnownFileType = sourcecode.swift; path = "String+MapToDateString.swift"; sourceTree = "<group>"; };
		2C2A3A7C24543EE500D76132 /* Service.swift */ = {isa = PBXFileReference; lastKnownFileType = sourcecode.swift; path = Service.swift; sourceTree = "<group>"; };
		2C2A3A7E24543F0A00D76132 /* NetworkAssembly.swift */ = {isa = PBXFileReference; lastKnownFileType = sourcecode.swift; path = NetworkAssembly.swift; sourceTree = "<group>"; };
		2C2A3A8024543F3900D76132 /* NetworkAssembly+Moya.swift */ = {isa = PBXFileReference; lastKnownFileType = sourcecode.swift; path = "NetworkAssembly+Moya.swift"; sourceTree = "<group>"; };
		2C2A3A832454407200D76132 /* Endpoint.swift */ = {isa = PBXFileReference; lastKnownFileType = sourcecode.swift; path = Endpoint.swift; sourceTree = "<group>"; };
		2C2A3A852454408100D76132 /* Mappable.swift */ = {isa = PBXFileReference; lastKnownFileType = sourcecode.swift; path = Mappable.swift; sourceTree = "<group>"; };
		2C2A3A87245440C000D76132 /* ErrorAdapter.swift */ = {isa = PBXFileReference; lastKnownFileType = sourcecode.swift; path = ErrorAdapter.swift; sourceTree = "<group>"; };
		2C2A3A89245440DE00D76132 /* DefaultErrorAdapter.swift */ = {isa = PBXFileReference; lastKnownFileType = sourcecode.swift; path = DefaultErrorAdapter.swift; sourceTree = "<group>"; };
		2C2A3A8B245441D500D76132 /* PrimitiveSequence+CustomError.swift */ = {isa = PBXFileReference; lastKnownFileType = sourcecode.swift; path = "PrimitiveSequence+CustomError.swift"; sourceTree = "<group>"; };
		2C2A3A8D245441EA00D76132 /* TargetType+Default.swift */ = {isa = PBXFileReference; lastKnownFileType = sourcecode.swift; path = "TargetType+Default.swift"; sourceTree = "<group>"; };
		2C2A3A902454499300D76132 /* NetworkAssembly+ErrorAdapter.swift */ = {isa = PBXFileReference; lastKnownFileType = sourcecode.swift; path = "NetworkAssembly+ErrorAdapter.swift"; sourceTree = "<group>"; };
		2C2A3A9724544ACA00D76132 /* MapRepository.swift */ = {isa = PBXFileReference; lastKnownFileType = sourcecode.swift; path = MapRepository.swift; sourceTree = "<group>"; };
		2C2A3A9924544AF700D76132 /* MapDataSource.swift */ = {isa = PBXFileReference; lastKnownFileType = sourcecode.swift; path = MapDataSource.swift; sourceTree = "<group>"; };
		2C2A3A9C24544B1300D76132 /* MapApiDataSource.swift */ = {isa = PBXFileReference; lastKnownFileType = sourcecode.swift; path = MapApiDataSource.swift; sourceTree = "<group>"; };
		2C2A3AA224544B6900D76132 /* TripsApiResponse.swift */ = {isa = PBXFileReference; lastKnownFileType = sourcecode.swift; path = TripsApiResponse.swift; sourceTree = "<group>"; };
		2C2A3AA424544B7D00D76132 /* TripsApiToDomainMapper.swift */ = {isa = PBXFileReference; lastKnownFileType = sourcecode.swift; path = TripsApiToDomainMapper.swift; sourceTree = "<group>"; };
		2C2A3AA624544B9A00D76132 /* GetTripsUseCase.swift */ = {isa = PBXFileReference; lastKnownFileType = sourcecode.swift; path = GetTripsUseCase.swift; sourceTree = "<group>"; };
		2C2A3AA824544BA800D76132 /* GetTrips.swift */ = {isa = PBXFileReference; lastKnownFileType = sourcecode.swift; path = GetTrips.swift; sourceTree = "<group>"; };
		2C2A3AAA24544BD600D76132 /* MapService.swift */ = {isa = PBXFileReference; lastKnownFileType = sourcecode.swift; path = MapService.swift; sourceTree = "<group>"; };
		2C2A3AAF24544C1100D76132 /* Trip.swift */ = {isa = PBXFileReference; lastKnownFileType = sourcecode.swift; path = Trip.swift; sourceTree = "<group>"; };
		2C2A3AB124544C2400D76132 /* TripsEndpoint.swift */ = {isa = PBXFileReference; lastKnownFileType = sourcecode.swift; path = TripsEndpoint.swift; sourceTree = "<group>"; };
		2C2A3AB624544D4600D76132 /* MapsSpec.swift */ = {isa = PBXFileReference; lastKnownFileType = sourcecode.swift; path = MapsSpec.swift; sourceTree = "<group>"; };
		2C2A3AB924544D9200D76132 /* NetworkAssembly+MapServices.swift */ = {isa = PBXFileReference; lastKnownFileType = sourcecode.swift; path = "NetworkAssembly+MapServices.swift"; sourceTree = "<group>"; };
		2C2A3ABC24544E4100D76132 /* Fixture.swift */ = {isa = PBXFileReference; lastKnownFileType = sourcecode.swift; path = Fixture.swift; sourceTree = "<group>"; };
		2C2A3ABF24544E9600D76132 /* Trips.ok.json */ = {isa = PBXFileReference; lastKnownFileType = text.json; path = Trips.ok.json; sourceTree = "<group>"; };
		2C2A3AC22454931000D76132 /* TripViewCell.swift */ = {isa = PBXFileReference; lastKnownFileType = sourcecode.swift; path = TripViewCell.swift; sourceTree = "<group>"; };
		2C2A3AC42454934D00D76132 /* TableViewCell.swift */ = {isa = PBXFileReference; lastKnownFileType = sourcecode.swift; path = TableViewCell.swift; sourceTree = "<group>"; };
		2C2A3AC6245493CE00D76132 /* TableViewCell+ReuseIdentifier.swift */ = {isa = PBXFileReference; lastKnownFileType = sourcecode.swift; path = "TableViewCell+ReuseIdentifier.swift"; sourceTree = "<group>"; };
		2C2A3ACD2454A14E00D76132 /* TripListViewSpec.swift */ = {isa = PBXFileReference; lastKnownFileType = sourcecode.swift; path = TripListViewSpec.swift; sourceTree = "<group>"; };
		2C2A3ACF2454A21900D76132 /* XCTestCase+UIViewController.swift */ = {isa = PBXFileReference; lastKnownFileType = sourcecode.swift; path = "XCTestCase+UIViewController.swift"; sourceTree = "<group>"; };
		2C2A3AD124557BB400D76132 /* TripListPresenterSpec.swift */ = {isa = PBXFileReference; lastKnownFileType = sourcecode.swift; path = TripListPresenterSpec.swift; sourceTree = "<group>"; };
		2C2A3AD324557D0C00D76132 /* Error+Message.swift */ = {isa = PBXFileReference; lastKnownFileType = sourcecode.swift; path = "Error+Message.swift"; sourceTree = "<group>"; };
		2C2A3AD524557D5F00D76132 /* UIViewController+Loading.swift */ = {isa = PBXFileReference; lastKnownFileType = sourcecode.swift; path = "UIViewController+Loading.swift"; sourceTree = "<group>"; };
		2C2A3AD7245580E600D76132 /* UIViewController+ShowErrorMessage.swift */ = {isa = PBXFileReference; lastKnownFileType = sourcecode.swift; path = "UIViewController+ShowErrorMessage.swift"; sourceTree = "<group>"; };
		2C2A3AD92455828D00D76132 /* TripListInteractorSpec.swift */ = {isa = PBXFileReference; lastKnownFileType = sourcecode.swift; path = TripListInteractorSpec.swift; sourceTree = "<group>"; };
		2C58B8B6245C2A8B00961898 /* FormViewSpec.swift */ = {isa = PBXFileReference; lastKnownFileType = sourcecode.swift; path = FormViewSpec.swift; sourceTree = "<group>"; };
		2C58B8B9245C2BF700961898 /* Images.swift */ = {isa = PBXFileReference; lastKnownFileType = sourcecode.swift; path = Images.swift; sourceTree = "<group>"; };
		2C58B8BB245C2C6A00961898 /* Bundle+Framework.swift */ = {isa = PBXFileReference; lastKnownFileType = sourcecode.swift; path = "Bundle+Framework.swift"; sourceTree = "<group>"; };
		2C58B8BE245C5CB300961898 /* UserDefaultsLocalStorage.swift */ = {isa = PBXFileReference; lastKnownFileType = sourcecode.swift; path = UserDefaultsLocalStorage.swift; sourceTree = "<group>"; };
		2C58B8C0245C5CD100961898 /* LocalStorage.swift */ = {isa = PBXFileReference; lastKnownFileType = sourcecode.swift; path = LocalStorage.swift; sourceTree = "<group>"; };
		2C58B8C2245C5D0D00961898 /* LocalStorageKey.swift */ = {isa = PBXFileReference; lastKnownFileType = sourcecode.swift; path = LocalStorageKey.swift; sourceTree = "<group>"; };
		2C58B8C5245C5E3400961898 /* FormInfo.swift */ = {isa = PBXFileReference; lastKnownFileType = sourcecode.swift; path = FormInfo.swift; sourceTree = "<group>"; };
		2C5A1CF62458336B00F597E9 /* TripModelMocks.swift */ = {isa = PBXFileReference; lastKnownFileType = sourcecode.swift; path = TripModelMocks.swift; sourceTree = "<group>"; };
		2C7171D7245C69E9005BD939 /* FormPresenterSpec.swift */ = {isa = PBXFileReference; lastKnownFileType = sourcecode.swift; path = FormPresenterSpec.swift; sourceTree = "<group>"; };
		2C7171D9245C6D3B005BD939 /* FormInteractorSpec.swift */ = {isa = PBXFileReference; lastKnownFileType = sourcecode.swift; path = FormInteractorSpec.swift; sourceTree = "<group>"; };
		2C7171DC245C6F26005BD939 /* CurrentTimeAndDate.swift */ = {isa = PBXFileReference; lastKnownFileType = sourcecode.swift; path = CurrentTimeAndDate.swift; sourceTree = "<group>"; };
		2C7171E1245C7C2E005BD939 /* BadgeNumberUpdater.swift */ = {isa = PBXFileReference; lastKnownFileType = sourcecode.swift; path = BadgeNumberUpdater.swift; sourceTree = "<group>"; };
		2C7171E3245C85FF005BD939 /* TextField.swift */ = {isa = PBXFileReference; lastKnownFileType = sourcecode.swift; path = TextField.swift; sourceTree = "<group>"; };
		2C7171E7245C890B005BD939 /* FieldValidator.swift */ = {isa = PBXFileReference; lastKnownFileType = sourcecode.swift; path = FieldValidator.swift; sourceTree = "<group>"; };
		2C7171E9245C9E0B005BD939 /* UIColor+HexColor.swift */ = {isa = PBXFileReference; lastKnownFileType = sourcecode.swift; path = "UIColor+HexColor.swift"; sourceTree = "<group>"; };
		2C7171EC245CA0C3005BD939 /* EmailValidatorTests.swift */ = {isa = PBXFileReference; lastKnownFileType = sourcecode.swift; path = EmailValidatorTests.swift; sourceTree = "<group>"; };
		2C7171EE245D66C6005BD939 /* TextView.swift */ = {isa = PBXFileReference; lastKnownFileType = sourcecode.swift; path = TextView.swift; sourceTree = "<group>"; };
		2C7171F1245D68D6005BD939 /* FormMocks.swift */ = {isa = PBXFileReference; lastKnownFileType = sourcecode.swift; path = FormMocks.swift; sourceTree = "<group>"; };
		2C7414612458391500FB071C /* StopPointAnnotation.swift */ = {isa = PBXFileReference; lastKnownFileType = sourcecode.swift; path = StopPointAnnotation.swift; sourceTree = "<group>"; };
		2C74146324583F7100FB071C /* MapKitProvider+Annotation.swift */ = {isa = PBXFileReference; lastKnownFileType = sourcecode.swift; path = "MapKitProvider+Annotation.swift"; sourceTree = "<group>"; };
		2C7414712458626C00FB071C /* StopRequest.swift */ = {isa = PBXFileReference; lastKnownFileType = sourcecode.swift; path = StopRequest.swift; sourceTree = "<group>"; };
		2C7414732458627A00FB071C /* Stop.swift */ = {isa = PBXFileReference; lastKnownFileType = sourcecode.swift; path = Stop.swift; sourceTree = "<group>"; };
		2C741475245895A500FB071C /* StopEndpoint.swift */ = {isa = PBXFileReference; lastKnownFileType = sourcecode.swift; path = StopEndpoint.swift; sourceTree = "<group>"; };
		2C7414772458961C00FB071C /* StopApiToDomainMapper.swift */ = {isa = PBXFileReference; lastKnownFileType = sourcecode.swift; path = StopApiToDomainMapper.swift; sourceTree = "<group>"; };
		2C7414792458962B00FB071C /* StopApiResponse.swift */ = {isa = PBXFileReference; lastKnownFileType = sourcecode.swift; path = StopApiResponse.swift; sourceTree = "<group>"; };
		2C74147B2458966A00FB071C /* GetStopUseCase.swift */ = {isa = PBXFileReference; lastKnownFileType = sourcecode.swift; path = GetStopUseCase.swift; sourceTree = "<group>"; };
		2C74147D2458967C00FB071C /* GetStop.swift */ = {isa = PBXFileReference; lastKnownFileType = sourcecode.swift; path = GetStop.swift; sourceTree = "<group>"; };
		2C74147F2458ACCC00FB071C /* Stop.ok.json */ = {isa = PBXFileReference; lastKnownFileType = text.json; path = Stop.ok.json; sourceTree = "<group>"; };
		2C741486245ACD6D00FB071C /* StopInfoAlertProvider.swift */ = {isa = PBXFileReference; lastKnownFileType = sourcecode.swift; path = StopInfoAlertProvider.swift; sourceTree = "<group>"; };
		2C741488245ACDD900FB071C /* DefaultStopInfoAlertProvider.swift */ = {isa = PBXFileReference; lastKnownFileType = sourcecode.swift; path = DefaultStopInfoAlertProvider.swift; sourceTree = "<group>"; };
		2C74148A245ACEC500FB071C /* StopInfoAlertView.swift */ = {isa = PBXFileReference; lastKnownFileType = sourcecode.swift; path = StopInfoAlertView.swift; sourceTree = "<group>"; };
		2C741491245C233200FB071C /* Assembly+formViewController.swift */ = {isa = PBXFileReference; lastKnownFileType = sourcecode.swift; path = "Assembly+formViewController.swift"; sourceTree = "<group>"; };
		2C741492245C233200FB071C /* FormNavigator.swift */ = {isa = PBXFileReference; lastKnownFileType = sourcecode.swift; path = FormNavigator.swift; sourceTree = "<group>"; };
		2C741493245C233200FB071C /* FormPresenter.swift */ = {isa = PBXFileReference; lastKnownFileType = sourcecode.swift; path = FormPresenter.swift; sourceTree = "<group>"; };
		2C741494245C233200FB071C /* FormViewController.swift */ = {isa = PBXFileReference; lastKnownFileType = sourcecode.swift; path = FormViewController.swift; sourceTree = "<group>"; };
		2C741495245C233200FB071C /* DefaultFormInteractor.swift */ = {isa = PBXFileReference; lastKnownFileType = sourcecode.swift; path = DefaultFormInteractor.swift; sourceTree = "<group>"; };
		2C741496245C233200FB071C /* FormInteractor.swift */ = {isa = PBXFileReference; lastKnownFileType = sourcecode.swift; path = FormInteractor.swift; sourceTree = "<group>"; };
		2C741497245C233200FB071C /* DefaultFormNavigator.swift */ = {isa = PBXFileReference; lastKnownFileType = sourcecode.swift; path = DefaultFormNavigator.swift; sourceTree = "<group>"; };
		2C741498245C233200FB071C /* FormView.swift */ = {isa = PBXFileReference; lastKnownFileType = sourcecode.swift; path = FormView.swift; sourceTree = "<group>"; };
		2C741499245C233200FB071C /* FormUI.swift */ = {isa = PBXFileReference; lastKnownFileType = sourcecode.swift; path = FormUI.swift; sourceTree = "<group>"; };
		2C74149A245C233200FB071C /* DefaultFormPresenter.swift */ = {isa = PBXFileReference; lastKnownFileType = sourcecode.swift; path = DefaultFormPresenter.swift; sourceTree = "<group>"; };
		2C95D24424558AC40043EEDB /* MapKitProvider+Overlay.swift */ = {isa = PBXFileReference; lastKnownFileType = sourcecode.swift; path = "MapKitProvider+Overlay.swift"; sourceTree = "<group>"; };
		2C95D247245591540043EEDB /* FontSize.swift */ = {isa = PBXFileReference; lastKnownFileType = sourcecode.swift; path = FontSize.swift; sourceTree = "<group>"; };
		2C95D24A2456D97C0043EEDB /* AnnotationDrawable.swift */ = {isa = PBXFileReference; lastKnownFileType = sourcecode.swift; path = AnnotationDrawable.swift; sourceTree = "<group>"; };
		2C95D24C2456DA7A0043EEDB /* MapKitAnnotationDrawable.swift */ = {isa = PBXFileReference; lastKnownFileType = sourcecode.swift; path = MapKitAnnotationDrawable.swift; sourceTree = "<group>"; };
		2C95D2522456DE5B0043EEDB /* Annotation.swift */ = {isa = PBXFileReference; lastKnownFileType = sourcecode.swift; path = Annotation.swift; sourceTree = "<group>"; };
		2C95D2552456DEC60043EEDB /* MapKitAnnotation.swift */ = {isa = PBXFileReference; lastKnownFileType = sourcecode.swift; path = MapKitAnnotation.swift; sourceTree = "<group>"; };
		2C95D2572456DF0C0043EEDB /* RoutePointAnnotation.swift */ = {isa = PBXFileReference; lastKnownFileType = sourcecode.swift; path = RoutePointAnnotation.swift; sourceTree = "<group>"; };
		33977991E22538C6028CBFCD /* Pods_MapsCodeTestTests.framework */ = {isa = PBXFileReference; explicitFileType = wrapper.framework; includeInIndex = 0; path = Pods_MapsCodeTestTests.framework; sourceTree = BUILT_PRODUCTS_DIR; };
		8E03198628B2289CB63B8E0C /* Pods-MapsCodeTestTests.release.xcconfig */ = {isa = PBXFileReference; includeInIndex = 1; lastKnownFileType = text.xcconfig; name = "Pods-MapsCodeTestTests.release.xcconfig"; path = "Target Support Files/Pods-MapsCodeTestTests/Pods-MapsCodeTestTests.release.xcconfig"; sourceTree = "<group>"; };
		9EC09DBA751C20C9BB63CDBD /* Pods_MapsCodeTest.framework */ = {isa = PBXFileReference; explicitFileType = wrapper.framework; includeInIndex = 0; path = Pods_MapsCodeTest.framework; sourceTree = BUILT_PRODUCTS_DIR; };
		B3041D7A72D3CA8C54F90182 /* Pods-MapsCodeTest.debug.xcconfig */ = {isa = PBXFileReference; includeInIndex = 1; lastKnownFileType = text.xcconfig; name = "Pods-MapsCodeTest.debug.xcconfig"; path = "Target Support Files/Pods-MapsCodeTest/Pods-MapsCodeTest.debug.xcconfig"; sourceTree = "<group>"; };
		B6320608E502FA0824D4F5AF /* Pods-MapsCodeTestUITests.debug.xcconfig */ = {isa = PBXFileReference; includeInIndex = 1; lastKnownFileType = text.xcconfig; name = "Pods-MapsCodeTestUITests.debug.xcconfig"; path = "Target Support Files/Pods-MapsCodeTestUITests/Pods-MapsCodeTestUITests.debug.xcconfig"; sourceTree = "<group>"; };
		CB29AA9D4CAAC42DB092CAA8 /* Pods-MapsCodeTestTests.debug.xcconfig */ = {isa = PBXFileReference; includeInIndex = 1; lastKnownFileType = text.xcconfig; name = "Pods-MapsCodeTestTests.debug.xcconfig"; path = "Target Support Files/Pods-MapsCodeTestTests/Pods-MapsCodeTestTests.debug.xcconfig"; sourceTree = "<group>"; };
		D935A879957AF8762FB0981E /* Pods-MapsCodeTestUITests.release.xcconfig */ = {isa = PBXFileReference; includeInIndex = 1; lastKnownFileType = text.xcconfig; name = "Pods-MapsCodeTestUITests.release.xcconfig"; path = "Target Support Files/Pods-MapsCodeTestUITests/Pods-MapsCodeTestUITests.release.xcconfig"; sourceTree = "<group>"; };
/* End PBXFileReference section */

/* Begin PBXFrameworksBuildPhase section */
		2C2A39FA245429BB00D76132 /* Frameworks */ = {
			isa = PBXFrameworksBuildPhase;
			buildActionMask = 2147483647;
			files = (
				B2202508F3AE43381E0DBBAD /* Pods_MapsCodeTest.framework in Frameworks */,
			);
			runOnlyForDeploymentPostprocessing = 0;
		};
		2C2A3A10245429BE00D76132 /* Frameworks */ = {
			isa = PBXFrameworksBuildPhase;
			buildActionMask = 2147483647;
			files = (
				631B63B5D09F273C8C6AC1DF /* Pods_MapsCodeTestTests.framework in Frameworks */,
			);
			runOnlyForDeploymentPostprocessing = 0;
		};
		2C2A3A1B245429BE00D76132 /* Frameworks */ = {
			isa = PBXFrameworksBuildPhase;
			buildActionMask = 2147483647;
			files = (
				104D0DB7A3DA7B6E9738A270 /* libPods-MapsCodeTestUITests.a in Frameworks */,
			);
			runOnlyForDeploymentPostprocessing = 0;
		};
/* End PBXFrameworksBuildPhase section */

/* Begin PBXGroup section */
		2C2A39F4245429BB00D76132 = {
			isa = PBXGroup;
			children = (
				2C2A39FF245429BB00D76132 /* MapsCodeTest */,
				2C2A3A16245429BE00D76132 /* MapsCodeTestTests */,
				2C2A3A21245429BE00D76132 /* MapsCodeTestUITests */,
				2C2A39FE245429BB00D76132 /* Products */,
				6670D015015664BF9DEB03B0 /* Pods */,
				9344BA85F6C7DFEE47B044DD /* Frameworks */,
			);
			sourceTree = "<group>";
		};
		2C2A39FE245429BB00D76132 /* Products */ = {
			isa = PBXGroup;
			children = (
				2C2A39FD245429BB00D76132 /* MapsCodeTest.app */,
				2C2A3A13245429BE00D76132 /* MapsCodeTestTests.xctest */,
				2C2A3A1E245429BE00D76132 /* MapsCodeTestUITests.xctest */,
			);
			name = Products;
			sourceTree = "<group>";
		};
		2C2A39FF245429BB00D76132 /* MapsCodeTest */ = {
			isa = PBXGroup;
			children = (
				2C2A3A3524542D7800D76132 /* Core */,
				2C2A3A3C24542E7900D76132 /* Features */,
				2C2A3A9224544A4800D76132 /* NetworkLayer */,
				2C2A3A09245429BE00D76132 /* Assets.xcassets */,
				2C2A3A0B245429BE00D76132 /* LaunchScreen.storyboard */,
				2C2A3A0E245429BE00D76132 /* Info.plist */,
			);
			path = MapsCodeTest;
			sourceTree = "<group>";
		};
		2C2A3A16245429BE00D76132 /* MapsCodeTestTests */ = {
			isa = PBXGroup;
			children = (
				2C2A3A3224542D5F00D76132 /* AutoMockable */,
				2C2A3ABB24544E3700D76132 /* Utils */,
				2C2A3AC82454A10600D76132 /* Features */,
				2C2A3AB424544D2500D76132 /* IntegrationTests */,
				2C2A3A17245429BE00D76132 /* MapsCodeTestTests.swift */,
				2C2A3A19245429BE00D76132 /* Info.plist */,
			);
			path = MapsCodeTestTests;
			sourceTree = "<group>";
		};
		2C2A3A21245429BE00D76132 /* MapsCodeTestUITests */ = {
			isa = PBXGroup;
			children = (
				2C2A3A22245429BE00D76132 /* MapsCodeTestUITests.swift */,
				2C2A3A24245429BE00D76132 /* Info.plist */,
			);
			path = MapsCodeTestUITests;
			sourceTree = "<group>";
		};
		2C2A3A3224542D5F00D76132 /* AutoMockable */ = {
			isa = PBXGroup;
			children = (
				2C2A3A3324542D5F00D76132 /* AutoMockable.generated.swift */,
			);
			path = AutoMockable;
			sourceTree = "<group>";
		};
		2C2A3A3524542D7800D76132 /* Core */ = {
			isa = PBXGroup;
			children = (
				2C2A3A00245429BB00D76132 /* AppDelegate.swift */,
				2C2A3A02245429BB00D76132 /* SceneDelegate.swift */,
				2C2A3A5A2454349100D76132 /* Assembly */,
				2C2A3A3924542E0A00D76132 /* UI */,
				2C2A3A4324542F2500D76132 /* Map */,
				2C2A3A592454345E00D76132 /* NetworkLayer */,
				2C2A3A5D2454350F00D76132 /* Extensions */,
				2C2A3A3624542D7E00D76132 /* AutoMockable */,
			);
			path = Core;
			sourceTree = "<group>";
		};
		2C2A3A3624542D7E00D76132 /* AutoMockable */ = {
			isa = PBXGroup;
			children = (
				2C2A3A3724542D8B00D76132 /* AutoMockable.swift */,
			);
			path = AutoMockable;
			sourceTree = "<group>";
		};
		2C2A3A3924542E0A00D76132 /* UI */ = {
			isa = PBXGroup;
			children = (
				2C2A3A3A24542E1400D76132 /* View.swift */,
				2C2A3AC42454934D00D76132 /* TableViewCell.swift */,
				2C2A3AC6245493CE00D76132 /* TableViewCell+ReuseIdentifier.swift */,
				2C95D247245591540043EEDB /* FontSize.swift */,
				2C7171E3245C85FF005BD939 /* TextField.swift */,
				2C7171EE245D66C6005BD939 /* TextView.swift */,
			);
			path = UI;
			sourceTree = "<group>";
		};
		2C2A3A3C24542E7900D76132 /* Features */ = {
			isa = PBXGroup;
			children = (
				2C58B8C7245C62E000961898 /* Utils */,
				2C58B8B8245C2BEC00961898 /* UI */,
				2C2A3A3D24542E8600D76132 /* TripList */,
				2C741490245C232000FB071C /* Form */,
			);
			path = Features;
			sourceTree = "<group>";
		};
		2C2A3A3D24542E8600D76132 /* TripList */ = {
			isa = PBXGroup;
			children = (
				2C2A3A4224542ED000D76132 /* View */,
				2C2A3A4124542ECB00D76132 /* Presenter */,
				2C2A3A4024542EC300D76132 /* Interactor */,
				2C2A3A3F24542EBA00D76132 /* Navigator */,
				2C2A3A3E24542EB100D76132 /* Infraestructure */,
			);
			path = TripList;
			sourceTree = "<group>";
		};
		2C2A3A3E24542EB100D76132 /* Infraestructure */ = {
			isa = PBXGroup;
			children = (
				2C2A3A692454375C00D76132 /* TripListProvider.swift */,
			);
			path = Infraestructure;
			sourceTree = "<group>";
		};
		2C2A3A3F24542EBA00D76132 /* Navigator */ = {
			isa = PBXGroup;
			children = (
				2C2A3A602454375C00D76132 /* TripListNavigator.swift */,
				2C2A3A652454375C00D76132 /* DefaultTripListNavigator.swift */,
			);
			path = Navigator;
			sourceTree = "<group>";
		};
		2C2A3A4024542EC300D76132 /* Interactor */ = {
			isa = PBXGroup;
			children = (
				2C2A3A642454375C00D76132 /* TripListInteractor.swift */,
				2C2A3A632454375C00D76132 /* DefaultTripListInteractor.swift */,
			);
			path = Interactor;
			sourceTree = "<group>";
		};
		2C2A3A4124542ECB00D76132 /* Presenter */ = {
			isa = PBXGroup;
			children = (
				2C2A3A612454375C00D76132 /* TripListPresenter.swift */,
				2C2A3A682454375C00D76132 /* DefaultTripListPresenter.swift */,
			);
			path = Presenter;
			sourceTree = "<group>";
		};
		2C2A3A4224542ED000D76132 /* View */ = {
			isa = PBXGroup;
			children = (
				2C741485245ACD4900FB071C /* StopInfoAlert */,
				2C2A3AC1245492FB00D76132 /* Cells */,
				2C2A3A662454375C00D76132 /* TripListView.swift */,
				2C2A3A622454375C00D76132 /* TripListViewController.swift */,
				2C2A3A672454375C00D76132 /* TripListUI.swift */,
			);
			path = View;
			sourceTree = "<group>";
		};
		2C2A3A4324542F2500D76132 /* Map */ = {
			isa = PBXGroup;
			children = (
				2C2A3A572454316E00D76132 /* Core */,
				2C2A3A582454317600D76132 /* MapKit */,
			);
			path = Map;
			sourceTree = "<group>";
		};
		2C2A3A4424542F5E00D76132 /* Route */ = {
			isa = PBXGroup;
			children = (
				2C2A3A4F2454305700D76132 /* RouteDrawable.swift */,
				2C2A3A4E2454304300D76132 /* Extensions */,
				2C2A3A4D2454303000D76132 /* Libraries */,
			);
			path = Route;
			sourceTree = "<group>";
		};
		2C2A3A4D2454303000D76132 /* Libraries */ = {
			isa = PBXGroup;
			children = (
				2C2A3A532454309F00D76132 /* Polyline.swift */,
			);
			path = Libraries;
			sourceTree = "<group>";
		};
		2C2A3A4E2454304300D76132 /* Extensions */ = {
			isa = PBXGroup;
			children = (
				2C2A3A55245430B300D76132 /* MKMultiPoint+Extensions.swift */,
			);
			path = Extensions;
			sourceTree = "<group>";
		};
		2C2A3A572454316E00D76132 /* Core */ = {
			isa = PBXGroup;
			children = (
				2C2A3A4524542F9900D76132 /* MapView.swift */,
				2C2A3A4924542FE700D76132 /* MapProvider.swift */,
				2C2A3A4424542F5E00D76132 /* Route */,
				2C95D2492456D96A0043EEDB /* Annotations */,
			);
			path = Core;
			sourceTree = "<group>";
		};
		2C2A3A582454317600D76132 /* MapKit */ = {
			isa = PBXGroup;
			children = (
				2C95D2542456DEB10043EEDB /* Annotations */,
				2C2A3A4724542FCE00D76132 /* MapKitProvider.swift */,
				2C2A3A512454306E00D76132 /* MapKitRouteDrawable.swift */,
				2C95D24C2456DA7A0043EEDB /* MapKitAnnotationDrawable.swift */,
				2C95D24424558AC40043EEDB /* MapKitProvider+Overlay.swift */,
				2C74146324583F7100FB071C /* MapKitProvider+Annotation.swift */,
			);
			path = MapKit;
			sourceTree = "<group>";
		};
		2C2A3A592454345E00D76132 /* NetworkLayer */ = {
			isa = PBXGroup;
			children = (
				2C2A3A8F2454461700D76132 /* Core */,
			);
			path = NetworkLayer;
			sourceTree = "<group>";
		};
		2C2A3A5A2454349100D76132 /* Assembly */ = {
			isa = PBXGroup;
			children = (
				2C2A3A5B245434C300D76132 /* Assembly.swift */,
			);
			path = Assembly;
			sourceTree = "<group>";
		};
		2C2A3A5D2454350F00D76132 /* Extensions */ = {
			isa = PBXGroup;
			children = (
				2C7171E9245C9E0B005BD939 /* UIColor+HexColor.swift */,
				2C2A3A7524543E7300D76132 /* String+MapToDateString.swift */,
				2C2A3AD524557D5F00D76132 /* UIViewController+Loading.swift */,
				2C2A3AD7245580E600D76132 /* UIViewController+ShowErrorMessage.swift */,
				2C58B8BB245C2C6A00961898 /* Bundle+Framework.swift */,
			);
			path = Extensions;
			sourceTree = "<group>";
		};
		2C2A3A7424543E1200D76132 /* Extensions */ = {
			isa = PBXGroup;
			children = (
				2C2A3A8B245441D500D76132 /* PrimitiveSequence+CustomError.swift */,
				2C2A3A8D245441EA00D76132 /* TargetType+Default.swift */,
			);
			path = Extensions;
			sourceTree = "<group>";
		};
		2C2A3A7924543EC000D76132 /* NetworkAssembly */ = {
			isa = PBXGroup;
			children = (
				2C2A3A7E24543F0A00D76132 /* NetworkAssembly.swift */,
				2C2A3A8024543F3900D76132 /* NetworkAssembly+Moya.swift */,
				2C2A3A902454499300D76132 /* NetworkAssembly+ErrorAdapter.swift */,
			);
			path = NetworkAssembly;
			sourceTree = "<group>";
		};
		2C2A3A7A24543ED300D76132 /* Protocols */ = {
			isa = PBXGroup;
			children = (
				2C2A3A832454407200D76132 /* Endpoint.swift */,
				2C2A3A852454408100D76132 /* Mappable.swift */,
				2C2A3A822454405B00D76132 /* Error */,
			);
			path = Protocols;
			sourceTree = "<group>";
		};
		2C2A3A7B24543ED800D76132 /* Service */ = {
			isa = PBXGroup;
			children = (
				2C2A3A7C24543EE500D76132 /* Service.swift */,
			);
			path = Service;
			sourceTree = "<group>";
		};
		2C2A3A822454405B00D76132 /* Error */ = {
			isa = PBXGroup;
			children = (
				2C2A3A87245440C000D76132 /* ErrorAdapter.swift */,
				2C2A3A89245440DE00D76132 /* DefaultErrorAdapter.swift */,
				2C2A3AD324557D0C00D76132 /* Error+Message.swift */,
			);
			path = Error;
			sourceTree = "<group>";
		};
		2C2A3A8F2454461700D76132 /* Core */ = {
			isa = PBXGroup;
			children = (
				2C2A3A7B24543ED800D76132 /* Service */,
				2C2A3A7A24543ED300D76132 /* Protocols */,
				2C2A3A7924543EC000D76132 /* NetworkAssembly */,
				2C2A3A7424543E1200D76132 /* Extensions */,
			);
			path = Core;
			sourceTree = "<group>";
		};
		2C2A3A9224544A4800D76132 /* NetworkLayer */ = {
			isa = PBXGroup;
			children = (
				2C2A3AB824544D7C00D76132 /* Assembly */,
				2C2A3A9324544A6E00D76132 /* Map */,
			);
			path = NetworkLayer;
			sourceTree = "<group>";
		};
		2C2A3A9324544A6E00D76132 /* Map */ = {
			isa = PBXGroup;
			children = (
				2C2A3AA124544B5500D76132 /* UseCases */,
				2C2A3A9424544AA100D76132 /* Repository */,
				2C2A3A9524544AAA00D76132 /* Service */,
			);
			path = Map;
			sourceTree = "<group>";
		};
		2C2A3A9424544AA100D76132 /* Repository */ = {
			isa = PBXGroup;
			children = (
				2C2A3A9724544ACA00D76132 /* MapRepository.swift */,
				2C2A3A9624544AB600D76132 /* Data Source */,
			);
			path = Repository;
			sourceTree = "<group>";
		};
		2C2A3A9524544AAA00D76132 /* Service */ = {
			isa = PBXGroup;
			children = (
				2C2A3AAA24544BD600D76132 /* MapService.swift */,
				2C2A3AAC24544BE900D76132 /* Trips */,
				2C7414692458621C00FB071C /* Stop */,
			);
			path = Service;
			sourceTree = "<group>";
		};
		2C2A3A9624544AB600D76132 /* Data Source */ = {
			isa = PBXGroup;
			children = (
				2C2A3A9924544AF700D76132 /* MapDataSource.swift */,
				2C2A3A9B24544B0200D76132 /* API */,
			);
			path = "Data Source";
			sourceTree = "<group>";
		};
		2C2A3A9B24544B0200D76132 /* API */ = {
			isa = PBXGroup;
			children = (
				2C2A3A9C24544B1300D76132 /* MapApiDataSource.swift */,
				2C2A3A9E24544B4000D76132 /* Trips */,
				2C74146D2458624200FB071C /* Stop */,
			);
			path = API;
			sourceTree = "<group>";
		};
		2C2A3A9E24544B4000D76132 /* Trips */ = {
			isa = PBXGroup;
			children = (
				2C2A3AA024544B4E00D76132 /* Mapper */,
				2C2A3A9F24544B4900D76132 /* Model */,
			);
			path = Trips;
			sourceTree = "<group>";
		};
		2C2A3A9F24544B4900D76132 /* Model */ = {
			isa = PBXGroup;
			children = (
				2C2A3AA224544B6900D76132 /* TripsApiResponse.swift */,
			);
			path = Model;
			sourceTree = "<group>";
		};
		2C2A3AA024544B4E00D76132 /* Mapper */ = {
			isa = PBXGroup;
			children = (
				2C2A3AA424544B7D00D76132 /* TripsApiToDomainMapper.swift */,
			);
			path = Mapper;
			sourceTree = "<group>";
		};
		2C2A3AA124544B5500D76132 /* UseCases */ = {
			isa = PBXGroup;
			children = (
				2C2A3AB324544CD800D76132 /* Trips */,
				2C7414682458620100FB071C /* Stop */,
			);
			path = UseCases;
			sourceTree = "<group>";
		};
		2C2A3AAC24544BE900D76132 /* Trips */ = {
			isa = PBXGroup;
			children = (
				2C2A3AAE24544BFF00D76132 /* Model */,
				2C2A3AAD24544BF900D76132 /* Endpoint */,
			);
			path = Trips;
			sourceTree = "<group>";
		};
		2C2A3AAD24544BF900D76132 /* Endpoint */ = {
			isa = PBXGroup;
			children = (
				2C2A3AB124544C2400D76132 /* TripsEndpoint.swift */,
			);
			path = Endpoint;
			sourceTree = "<group>";
		};
		2C2A3AAE24544BFF00D76132 /* Model */ = {
			isa = PBXGroup;
			children = (
				2C2A3AAF24544C1100D76132 /* Trip.swift */,
			);
			path = Model;
			sourceTree = "<group>";
		};
		2C2A3AB324544CD800D76132 /* Trips */ = {
			isa = PBXGroup;
			children = (
				2C2A3AA624544B9A00D76132 /* GetTripsUseCase.swift */,
				2C2A3AA824544BA800D76132 /* GetTrips.swift */,
			);
			path = Trips;
			sourceTree = "<group>";
		};
		2C2A3AB424544D2500D76132 /* IntegrationTests */ = {
			isa = PBXGroup;
			children = (
				2C2A3AB524544D3300D76132 /* Map */,
			);
			path = IntegrationTests;
			sourceTree = "<group>";
		};
		2C2A3AB524544D3300D76132 /* Map */ = {
			isa = PBXGroup;
			children = (
				2C2A3AB624544D4600D76132 /* MapsSpec.swift */,
				2C2A3ABE24544E8500D76132 /* Fixture */,
			);
			path = Map;
			sourceTree = "<group>";
		};
		2C2A3AB824544D7C00D76132 /* Assembly */ = {
			isa = PBXGroup;
			children = (
				2C2A3AB924544D9200D76132 /* NetworkAssembly+MapServices.swift */,
			);
			path = Assembly;
			sourceTree = "<group>";
		};
		2C2A3ABB24544E3700D76132 /* Utils */ = {
			isa = PBXGroup;
			children = (
				2C2A3ABC24544E4100D76132 /* Fixture.swift */,
				2C2A3ACF2454A21900D76132 /* XCTestCase+UIViewController.swift */,
			);
			path = Utils;
			sourceTree = "<group>";
		};
		2C2A3ABE24544E8500D76132 /* Fixture */ = {
			isa = PBXGroup;
			children = (
				2C2A3ABF24544E9600D76132 /* Trips.ok.json */,
				2C74147F2458ACCC00FB071C /* Stop.ok.json */,
			);
			path = Fixture;
			sourceTree = "<group>";
		};
		2C2A3AC1245492FB00D76132 /* Cells */ = {
			isa = PBXGroup;
			children = (
				2C2A3AC22454931000D76132 /* TripViewCell.swift */,
			);
			path = Cells;
			sourceTree = "<group>";
		};
		2C2A3AC82454A10600D76132 /* Features */ = {
			isa = PBXGroup;
			children = (
				2C7171EB245CA0A3005BD939 /* Validators */,
				2C2A3AC92454A10D00D76132 /* TripList */,
				2C58B8B4245C2A6E00961898 /* Form */,
			);
			path = Features;
			sourceTree = "<group>";
		};
		2C2A3AC92454A10D00D76132 /* TripList */ = {
			isa = PBXGroup;
			children = (
				2C5A1CF52458335D00F597E9 /* Mocks */,
				2C2A3ACA2454A11900D76132 /* View */,
				2C2A3ACB2454A11E00D76132 /* Presenter */,
				2C2A3ACC2454A12400D76132 /* Interactor */,
			);
			path = TripList;
			sourceTree = "<group>";
		};
		2C2A3ACA2454A11900D76132 /* View */ = {
			isa = PBXGroup;
			children = (
				2C2A3ACD2454A14E00D76132 /* TripListViewSpec.swift */,
			);
			path = View;
			sourceTree = "<group>";
		};
		2C2A3ACB2454A11E00D76132 /* Presenter */ = {
			isa = PBXGroup;
			children = (
				2C2A3AD124557BB400D76132 /* TripListPresenterSpec.swift */,
			);
			path = Presenter;
			sourceTree = "<group>";
		};
		2C2A3ACC2454A12400D76132 /* Interactor */ = {
			isa = PBXGroup;
			children = (
				2C2A3AD92455828D00D76132 /* TripListInteractorSpec.swift */,
			);
			path = Interactor;
			sourceTree = "<group>";
		};
		2C58B8B4245C2A6E00961898 /* Form */ = {
			isa = PBXGroup;
			children = (
				2C7171F0245D68C8005BD939 /* Mocks */,
				2C58B8B5245C2A7600961898 /* View */,
				2C7171D5245C69CE005BD939 /* Presenter */,
				2C7171D6245C69D8005BD939 /* Interactor */,
			);
			path = Form;
			sourceTree = "<group>";
		};
		2C58B8B5245C2A7600961898 /* View */ = {
			isa = PBXGroup;
			children = (
				2C58B8B6245C2A8B00961898 /* FormViewSpec.swift */,
			);
			path = View;
			sourceTree = "<group>";
		};
		2C58B8B8245C2BEC00961898 /* UI */ = {
			isa = PBXGroup;
			children = (
				2C58B8B9245C2BF700961898 /* Images.swift */,
			);
			path = UI;
			sourceTree = "<group>";
		};
		2C58B8BD245C5C8B00961898 /* LocalStorage */ = {
			isa = PBXGroup;
			children = (
				2C58B8C2245C5D0D00961898 /* LocalStorageKey.swift */,
				2C58B8C0245C5CD100961898 /* LocalStorage.swift */,
				2C58B8BE245C5CB300961898 /* UserDefaultsLocalStorage.swift */,
			);
			path = LocalStorage;
			sourceTree = "<group>";
		};
		2C58B8C4245C5E2700961898 /* Model */ = {
			isa = PBXGroup;
			children = (
				2C58B8C5245C5E3400961898 /* FormInfo.swift */,
			);
			path = Model;
			sourceTree = "<group>";
		};
		2C58B8C7245C62E000961898 /* Utils */ = {
			isa = PBXGroup;
			children = (
				2C7171E6245C88FD005BD939 /* Validators */,
				2C7171DE245C701E005BD939 /* TimeAndDate */,
				2C58B8BD245C5C8B00961898 /* LocalStorage */,
			);
			path = Utils;
			sourceTree = "<group>";
		};
		2C5A1CF52458335D00F597E9 /* Mocks */ = {
			isa = PBXGroup;
			children = (
				2C5A1CF62458336B00F597E9 /* TripModelMocks.swift */,
			);
			path = Mocks;
			sourceTree = "<group>";
		};
		2C7171D5245C69CE005BD939 /* Presenter */ = {
			isa = PBXGroup;
			children = (
				2C7171D7245C69E9005BD939 /* FormPresenterSpec.swift */,
			);
			path = Presenter;
			sourceTree = "<group>";
		};
		2C7171D6245C69D8005BD939 /* Interactor */ = {
			isa = PBXGroup;
			children = (
				2C7171D9245C6D3B005BD939 /* FormInteractorSpec.swift */,
			);
			path = Interactor;
			sourceTree = "<group>";
		};
		2C7171DE245C701E005BD939 /* TimeAndDate */ = {
			isa = PBXGroup;
			children = (
				2C7171DC245C6F26005BD939 /* CurrentTimeAndDate.swift */,
			);
			path = TimeAndDate;
			sourceTree = "<group>";
		};
		2C7171E0245C7C07005BD939 /* BadgeNumber */ = {
			isa = PBXGroup;
			children = (
				2C7171E1245C7C2E005BD939 /* BadgeNumberUpdater.swift */,
			);
			path = BadgeNumber;
			sourceTree = "<group>";
		};
		2C7171E6245C88FD005BD939 /* Validators */ = {
			isa = PBXGroup;
			children = (
				2C7171E7245C890B005BD939 /* FieldValidator.swift */,
			);
			path = Validators;
			sourceTree = "<group>";
		};
		2C7171EB245CA0A3005BD939 /* Validators */ = {
			isa = PBXGroup;
			children = (
				2C7171EC245CA0C3005BD939 /* EmailValidatorTests.swift */,
			);
			path = Validators;
			sourceTree = "<group>";
		};
		2C7171F0245D68C8005BD939 /* Mocks */ = {
			isa = PBXGroup;
			children = (
				2C7171F1245D68D6005BD939 /* FormMocks.swift */,
			);
			path = Mocks;
			sourceTree = "<group>";
		};
		2C7414682458620100FB071C /* Stop */ = {
			isa = PBXGroup;
			children = (
				2C74147B2458966A00FB071C /* GetStopUseCase.swift */,
				2C74147D2458967C00FB071C /* GetStop.swift */,
			);
			path = Stop;
			sourceTree = "<group>";
		};
		2C7414692458621C00FB071C /* Stop */ = {
			isa = PBXGroup;
			children = (
				2C7414702458626300FB071C /* Request */,
				2C74146A2458622B00FB071C /* Model */,
				2C74146C2458623500FB071C /* Endpoint */,
			);
			path = Stop;
			sourceTree = "<group>";
		};
		2C74146A2458622B00FB071C /* Model */ = {
			isa = PBXGroup;
			children = (
				2C7414732458627A00FB071C /* Stop.swift */,
			);
			path = Model;
			sourceTree = "<group>";
		};
		2C74146C2458623500FB071C /* Endpoint */ = {
			isa = PBXGroup;
			children = (
				2C741475245895A500FB071C /* StopEndpoint.swift */,
			);
			path = Endpoint;
			sourceTree = "<group>";
		};
		2C74146D2458624200FB071C /* Stop */ = {
			isa = PBXGroup;
			children = (
				2C74146E2458624B00FB071C /* Mapper */,
				2C74146F2458624F00FB071C /* Model */,
			);
			path = Stop;
			sourceTree = "<group>";
		};
		2C74146E2458624B00FB071C /* Mapper */ = {
			isa = PBXGroup;
			children = (
				2C7414772458961C00FB071C /* StopApiToDomainMapper.swift */,
			);
			path = Mapper;
			sourceTree = "<group>";
		};
		2C74146F2458624F00FB071C /* Model */ = {
			isa = PBXGroup;
			children = (
				2C7414792458962B00FB071C /* StopApiResponse.swift */,
			);
			path = Model;
			sourceTree = "<group>";
		};
		2C7414702458626300FB071C /* Request */ = {
			isa = PBXGroup;
			children = (
				2C7414712458626C00FB071C /* StopRequest.swift */,
			);
			path = Request;
			sourceTree = "<group>";
		};
		2C7414822459EF6000FB071C /* StopPoint */ = {
			isa = PBXGroup;
			children = (
				2C7414612458391500FB071C /* StopPointAnnotation.swift */,
			);
			path = StopPoint;
			sourceTree = "<group>";
		};
		2C741485245ACD4900FB071C /* StopInfoAlert */ = {
			isa = PBXGroup;
			children = (
				2C741486245ACD6D00FB071C /* StopInfoAlertProvider.swift */,
				2C741488245ACDD900FB071C /* DefaultStopInfoAlertProvider.swift */,
				2C74148A245ACEC500FB071C /* StopInfoAlertView.swift */,
			);
			path = StopInfoAlert;
			sourceTree = "<group>";
		};
		2C741490245C232000FB071C /* Form */ = {
			isa = PBXGroup;
			children = (
				2C58B8C4245C5E2700961898 /* Model */,
				2C7414A9245C236300FB071C /* View */,
				2C7414A8245C235D00FB071C /* Presenter */,
				2C7414A7245C235600FB071C /* Interactor */,
				2C7414A6245C235100FB071C /* Navigator */,
				2C7414A5245C234A00FB071C /* Infraestructure */,
			);
			path = Form;
			sourceTree = "<group>";
		};
		2C7414A5245C234A00FB071C /* Infraestructure */ = {
			isa = PBXGroup;
			children = (
				2C741491245C233200FB071C /* Assembly+formViewController.swift */,
			);
			path = Infraestructure;
			sourceTree = "<group>";
		};
		2C7414A6245C235100FB071C /* Navigator */ = {
			isa = PBXGroup;
			children = (
				2C741492245C233200FB071C /* FormNavigator.swift */,
				2C741497245C233200FB071C /* DefaultFormNavigator.swift */,
			);
			path = Navigator;
			sourceTree = "<group>";
		};
		2C7414A7245C235600FB071C /* Interactor */ = {
			isa = PBXGroup;
			children = (
				2C741496245C233200FB071C /* FormInteractor.swift */,
				2C741495245C233200FB071C /* DefaultFormInteractor.swift */,
			);
			path = Interactor;
			sourceTree = "<group>";
		};
		2C7414A8245C235D00FB071C /* Presenter */ = {
			isa = PBXGroup;
			children = (
				2C7171E0245C7C07005BD939 /* BadgeNumber */,
				2C741493245C233200FB071C /* FormPresenter.swift */,
				2C74149A245C233200FB071C /* DefaultFormPresenter.swift */,
			);
			path = Presenter;
			sourceTree = "<group>";
		};
		2C7414A9245C236300FB071C /* View */ = {
			isa = PBXGroup;
			children = (
				2C741498245C233200FB071C /* FormView.swift */,
				2C741494245C233200FB071C /* FormViewController.swift */,
				2C741499245C233200FB071C /* FormUI.swift */,
			);
			path = View;
			sourceTree = "<group>";
		};
		2C95D2492456D96A0043EEDB /* Annotations */ = {
			isa = PBXGroup;
			children = (
				2C95D2522456DE5B0043EEDB /* Annotation.swift */,
				2C95D24A2456D97C0043EEDB /* AnnotationDrawable.swift */,
			);
			path = Annotations;
			sourceTree = "<group>";
		};
		2C95D2542456DEB10043EEDB /* Annotations */ = {
			isa = PBXGroup;
			children = (
				2C95D2552456DEC60043EEDB /* MapKitAnnotation.swift */,
				2C7414822459EF6000FB071C /* StopPoint */,
				2C95D2592456DF740043EEDB /* RoutePoint */,
			);
			path = Annotations;
			sourceTree = "<group>";
		};
		2C95D2592456DF740043EEDB /* RoutePoint */ = {
			isa = PBXGroup;
			children = (
				2C95D2572456DF0C0043EEDB /* RoutePointAnnotation.swift */,
			);
			path = RoutePoint;
			sourceTree = "<group>";
		};
		6670D015015664BF9DEB03B0 /* Pods */ = {
			isa = PBXGroup;
			children = (
				B3041D7A72D3CA8C54F90182 /* Pods-MapsCodeTest.debug.xcconfig */,
				19C2E1BF320EB9F3FFA04760 /* Pods-MapsCodeTest.release.xcconfig */,
				CB29AA9D4CAAC42DB092CAA8 /* Pods-MapsCodeTestTests.debug.xcconfig */,
				8E03198628B2289CB63B8E0C /* Pods-MapsCodeTestTests.release.xcconfig */,
				B6320608E502FA0824D4F5AF /* Pods-MapsCodeTestUITests.debug.xcconfig */,
				D935A879957AF8762FB0981E /* Pods-MapsCodeTestUITests.release.xcconfig */,
			);
			path = Pods;
			sourceTree = "<group>";
		};
		9344BA85F6C7DFEE47B044DD /* Frameworks */ = {
			isa = PBXGroup;
			children = (
				9EC09DBA751C20C9BB63CDBD /* Pods_MapsCodeTest.framework */,
				33977991E22538C6028CBFCD /* Pods_MapsCodeTestTests.framework */,
				1100EB2FBFFC515865E47C70 /* libPods-MapsCodeTestUITests.a */,
			);
			name = Frameworks;
			sourceTree = "<group>";
		};
/* End PBXGroup section */

/* Begin PBXNativeTarget section */
		2C2A39FC245429BB00D76132 /* MapsCodeTest */ = {
			isa = PBXNativeTarget;
			buildConfigurationList = 2C2A3A27245429BE00D76132 /* Build configuration list for PBXNativeTarget "MapsCodeTest" */;
			buildPhases = (
				755F1465D9A15041306888A1 /* [CP] Check Pods Manifest.lock */,
				2C2A3A3124542C8E00D76132 /* Sourcery */,
				2C2A39F9245429BB00D76132 /* Sources */,
				2C2A39FA245429BB00D76132 /* Frameworks */,
				2C2A39FB245429BB00D76132 /* Resources */,
				13B7A8E892182A820920F483 /* [CP] Embed Pods Frameworks */,
				2C2A3A3024542B6E00D76132 /* SwiftLint */,
				2C741467245847D100FB071C /* Unused */,
			);
			buildRules = (
			);
			dependencies = (
			);
			name = MapsCodeTest;
			productName = MapsCodeTest;
			productReference = 2C2A39FD245429BB00D76132 /* MapsCodeTest.app */;
			productType = "com.apple.product-type.application";
		};
		2C2A3A12245429BE00D76132 /* MapsCodeTestTests */ = {
			isa = PBXNativeTarget;
			buildConfigurationList = 2C2A3A2A245429BE00D76132 /* Build configuration list for PBXNativeTarget "MapsCodeTestTests" */;
			buildPhases = (
				155543B97BEC6F3C09CF9A23 /* [CP] Check Pods Manifest.lock */,
				2C2A3A0F245429BE00D76132 /* Sources */,
				2C2A3A10245429BE00D76132 /* Frameworks */,
				2C2A3A11245429BE00D76132 /* Resources */,
				93A3210BAD0D80DF32278D84 /* [CP] Embed Pods Frameworks */,
			);
			buildRules = (
			);
			dependencies = (
				2C2A3A15245429BE00D76132 /* PBXTargetDependency */,
			);
			name = MapsCodeTestTests;
			productName = MapsCodeTestTests;
			productReference = 2C2A3A13245429BE00D76132 /* MapsCodeTestTests.xctest */;
			productType = "com.apple.product-type.bundle.unit-test";
		};
		2C2A3A1D245429BE00D76132 /* MapsCodeTestUITests */ = {
			isa = PBXNativeTarget;
			buildConfigurationList = 2C2A3A2D245429BE00D76132 /* Build configuration list for PBXNativeTarget "MapsCodeTestUITests" */;
			buildPhases = (
				005FF46EBB0CA0271CD24DB4 /* [CP] Check Pods Manifest.lock */,
				2C2A3A1A245429BE00D76132 /* Sources */,
				2C2A3A1B245429BE00D76132 /* Frameworks */,
				2C2A3A1C245429BE00D76132 /* Resources */,
			);
			buildRules = (
			);
			dependencies = (
				2C2A3A20245429BE00D76132 /* PBXTargetDependency */,
			);
			name = MapsCodeTestUITests;
			productName = MapsCodeTestUITests;
			productReference = 2C2A3A1E245429BE00D76132 /* MapsCodeTestUITests.xctest */;
			productType = "com.apple.product-type.bundle.ui-testing";
		};
/* End PBXNativeTarget section */

/* Begin PBXProject section */
		2C2A39F5245429BB00D76132 /* Project object */ = {
			isa = PBXProject;
			attributes = {
				LastSwiftUpdateCheck = 1140;
				LastUpgradeCheck = 1140;
				ORGANIZATIONNAME = "Carles Grau";
				TargetAttributes = {
					2C2A39FC245429BB00D76132 = {
						CreatedOnToolsVersion = 11.4.1;
					};
					2C2A3A12245429BE00D76132 = {
						CreatedOnToolsVersion = 11.4.1;
						TestTargetID = 2C2A39FC245429BB00D76132;
					};
					2C2A3A1D245429BE00D76132 = {
						CreatedOnToolsVersion = 11.4.1;
						TestTargetID = 2C2A39FC245429BB00D76132;
					};
				};
			};
			buildConfigurationList = 2C2A39F8245429BB00D76132 /* Build configuration list for PBXProject "MapsCodeTest" */;
			compatibilityVersion = "Xcode 9.3";
			developmentRegion = en;
			hasScannedForEncodings = 0;
			knownRegions = (
				en,
				Base,
			);
			mainGroup = 2C2A39F4245429BB00D76132;
			productRefGroup = 2C2A39FE245429BB00D76132 /* Products */;
			projectDirPath = "";
			projectRoot = "";
			targets = (
				2C2A39FC245429BB00D76132 /* MapsCodeTest */,
				2C2A3A12245429BE00D76132 /* MapsCodeTestTests */,
				2C2A3A1D245429BE00D76132 /* MapsCodeTestUITests */,
			);
		};
/* End PBXProject section */

/* Begin PBXResourcesBuildPhase section */
		2C2A39FB245429BB00D76132 /* Resources */ = {
			isa = PBXResourcesBuildPhase;
			buildActionMask = 2147483647;
			files = (
				2C2A3A0D245429BE00D76132 /* LaunchScreen.storyboard in Resources */,
				2C2A3A0A245429BE00D76132 /* Assets.xcassets in Resources */,
			);
			runOnlyForDeploymentPostprocessing = 0;
		};
		2C2A3A11245429BE00D76132 /* Resources */ = {
			isa = PBXResourcesBuildPhase;
			buildActionMask = 2147483647;
			files = (
				2C7414802458ACCC00FB071C /* Stop.ok.json in Resources */,
				2C2A3AC024544E9600D76132 /* Trips.ok.json in Resources */,
			);
			runOnlyForDeploymentPostprocessing = 0;
		};
		2C2A3A1C245429BE00D76132 /* Resources */ = {
			isa = PBXResourcesBuildPhase;
			buildActionMask = 2147483647;
			files = (
			);
			runOnlyForDeploymentPostprocessing = 0;
		};
/* End PBXResourcesBuildPhase section */

/* Begin PBXShellScriptBuildPhase section */
		005FF46EBB0CA0271CD24DB4 /* [CP] Check Pods Manifest.lock */ = {
			isa = PBXShellScriptBuildPhase;
			buildActionMask = 2147483647;
			files = (
			);
			inputFileListPaths = (
			);
			inputPaths = (
				"${PODS_PODFILE_DIR_PATH}/Podfile.lock",
				"${PODS_ROOT}/Manifest.lock",
			);
			name = "[CP] Check Pods Manifest.lock";
			outputFileListPaths = (
			);
			outputPaths = (
				"$(DERIVED_FILE_DIR)/Pods-MapsCodeTestUITests-checkManifestLockResult.txt",
			);
			runOnlyForDeploymentPostprocessing = 0;
			shellPath = /bin/sh;
			shellScript = "diff \"${PODS_PODFILE_DIR_PATH}/Podfile.lock\" \"${PODS_ROOT}/Manifest.lock\" > /dev/null\nif [ $? != 0 ] ; then\n    # print error to STDERR\n    echo \"error: The sandbox is not in sync with the Podfile.lock. Run 'pod install' or update your CocoaPods installation.\" >&2\n    exit 1\nfi\n# This output is used by Xcode 'outputs' to avoid re-running this script phase.\necho \"SUCCESS\" > \"${SCRIPT_OUTPUT_FILE_0}\"\n";
			showEnvVarsInLog = 0;
		};
		13B7A8E892182A820920F483 /* [CP] Embed Pods Frameworks */ = {
			isa = PBXShellScriptBuildPhase;
			buildActionMask = 2147483647;
			files = (
			);
			inputFileListPaths = (
				"${PODS_ROOT}/Target Support Files/Pods-MapsCodeTest/Pods-MapsCodeTest-frameworks-${CONFIGURATION}-input-files.xcfilelist",
			);
			name = "[CP] Embed Pods Frameworks";
			outputFileListPaths = (
				"${PODS_ROOT}/Target Support Files/Pods-MapsCodeTest/Pods-MapsCodeTest-frameworks-${CONFIGURATION}-output-files.xcfilelist",
			);
			runOnlyForDeploymentPostprocessing = 0;
			shellPath = /bin/sh;
			shellScript = "\"${PODS_ROOT}/Target Support Files/Pods-MapsCodeTest/Pods-MapsCodeTest-frameworks.sh\"\n";
			showEnvVarsInLog = 0;
		};
		155543B97BEC6F3C09CF9A23 /* [CP] Check Pods Manifest.lock */ = {
			isa = PBXShellScriptBuildPhase;
			buildActionMask = 2147483647;
			files = (
			);
			inputFileListPaths = (
			);
			inputPaths = (
				"${PODS_PODFILE_DIR_PATH}/Podfile.lock",
				"${PODS_ROOT}/Manifest.lock",
			);
			name = "[CP] Check Pods Manifest.lock";
			outputFileListPaths = (
			);
			outputPaths = (
				"$(DERIVED_FILE_DIR)/Pods-MapsCodeTestTests-checkManifestLockResult.txt",
			);
			runOnlyForDeploymentPostprocessing = 0;
			shellPath = /bin/sh;
			shellScript = "diff \"${PODS_PODFILE_DIR_PATH}/Podfile.lock\" \"${PODS_ROOT}/Manifest.lock\" > /dev/null\nif [ $? != 0 ] ; then\n    # print error to STDERR\n    echo \"error: The sandbox is not in sync with the Podfile.lock. Run 'pod install' or update your CocoaPods installation.\" >&2\n    exit 1\nfi\n# This output is used by Xcode 'outputs' to avoid re-running this script phase.\necho \"SUCCESS\" > \"${SCRIPT_OUTPUT_FILE_0}\"\n";
			showEnvVarsInLog = 0;
		};
		2C2A3A3024542B6E00D76132 /* SwiftLint */ = {
			isa = PBXShellScriptBuildPhase;
			buildActionMask = 2147483647;
			files = (
			);
			inputFileListPaths = (
			);
			inputPaths = (
			);
			name = SwiftLint;
			outputFileListPaths = (
			);
			outputPaths = (
			);
			runOnlyForDeploymentPostprocessing = 0;
			shellPath = /bin/sh;
			shellScript = "\"${PODS_ROOT}/SwiftLint/swiftlint\"\n";
		};
		2C2A3A3124542C8E00D76132 /* Sourcery */ = {
			isa = PBXShellScriptBuildPhase;
			buildActionMask = 2147483647;
			files = (
			);
			inputFileListPaths = (
			);
			inputPaths = (
			);
			name = Sourcery;
			outputFileListPaths = (
			);
			outputPaths = (
			);
			runOnlyForDeploymentPostprocessing = 0;
			shellPath = /bin/sh;
			shellScript = "$PODS_ROOT/Sourcery/bin/sourcery --sources ./ --templates ./Templates/Sourcery --output ./MapsCodeTestTests/AutoMockable\n";
		};
		2C741467245847D100FB071C /* Unused */ = {
			isa = PBXShellScriptBuildPhase;
			buildActionMask = 2147483647;
			files = (
			);
			inputFileListPaths = (
			);
			inputPaths = (
			);
			name = Unused;
			outputFileListPaths = (
			);
			outputPaths = (
			);
			runOnlyForDeploymentPostprocessing = 0;
			shellPath = /bin/sh;
			shellScript = "${SRCROOT}/unused.rb xcode\n";
		};
		755F1465D9A15041306888A1 /* [CP] Check Pods Manifest.lock */ = {
			isa = PBXShellScriptBuildPhase;
			buildActionMask = 2147483647;
			files = (
			);
			inputFileListPaths = (
			);
			inputPaths = (
				"${PODS_PODFILE_DIR_PATH}/Podfile.lock",
				"${PODS_ROOT}/Manifest.lock",
			);
			name = "[CP] Check Pods Manifest.lock";
			outputFileListPaths = (
			);
			outputPaths = (
				"$(DERIVED_FILE_DIR)/Pods-MapsCodeTest-checkManifestLockResult.txt",
			);
			runOnlyForDeploymentPostprocessing = 0;
			shellPath = /bin/sh;
			shellScript = "diff \"${PODS_PODFILE_DIR_PATH}/Podfile.lock\" \"${PODS_ROOT}/Manifest.lock\" > /dev/null\nif [ $? != 0 ] ; then\n    # print error to STDERR\n    echo \"error: The sandbox is not in sync with the Podfile.lock. Run 'pod install' or update your CocoaPods installation.\" >&2\n    exit 1\nfi\n# This output is used by Xcode 'outputs' to avoid re-running this script phase.\necho \"SUCCESS\" > \"${SCRIPT_OUTPUT_FILE_0}\"\n";
			showEnvVarsInLog = 0;
		};
		93A3210BAD0D80DF32278D84 /* [CP] Embed Pods Frameworks */ = {
			isa = PBXShellScriptBuildPhase;
			buildActionMask = 2147483647;
			files = (
			);
			inputFileListPaths = (
				"${PODS_ROOT}/Target Support Files/Pods-MapsCodeTestTests/Pods-MapsCodeTestTests-frameworks-${CONFIGURATION}-input-files.xcfilelist",
			);
			name = "[CP] Embed Pods Frameworks";
			outputFileListPaths = (
				"${PODS_ROOT}/Target Support Files/Pods-MapsCodeTestTests/Pods-MapsCodeTestTests-frameworks-${CONFIGURATION}-output-files.xcfilelist",
			);
			runOnlyForDeploymentPostprocessing = 0;
			shellPath = /bin/sh;
			shellScript = "\"${PODS_ROOT}/Target Support Files/Pods-MapsCodeTestTests/Pods-MapsCodeTestTests-frameworks.sh\"\n";
			showEnvVarsInLog = 0;
		};
/* End PBXShellScriptBuildPhase section */

/* Begin PBXSourcesBuildPhase section */
		2C2A39F9245429BB00D76132 /* Sources */ = {
			isa = PBXSourcesBuildPhase;
			buildActionMask = 2147483647;
			files = (
				2C95D24D2456DA7A0043EEDB /* MapKitAnnotationDrawable.swift in Sources */,
				2C2A3A8C245441D500D76132 /* PrimitiveSequence+CustomError.swift in Sources */,
				2C2A3A3824542D8B00D76132 /* AutoMockable.swift in Sources */,
				2C7171EF245D66C6005BD939 /* TextView.swift in Sources */,
				2C2A3A722454375C00D76132 /* DefaultTripListPresenter.swift in Sources */,
				2C7171E8245C890B005BD939 /* FieldValidator.swift in Sources */,
				2C95D24524558AC40043EEDB /* MapKitProvider+Overlay.swift in Sources */,
				2C95D2582456DF0C0043EEDB /* RoutePointAnnotation.swift in Sources */,
				2C2A3A7D24543EE500D76132 /* Service.swift in Sources */,
				2C7414622458391500FB071C /* StopPointAnnotation.swift in Sources */,
				2C7171DD245C6F26005BD939 /* CurrentTimeAndDate.swift in Sources */,
				2C2A3A6C2454375C00D76132 /* TripListViewController.swift in Sources */,
				2C2A3AD8245580E600D76132 /* UIViewController+ShowErrorMessage.swift in Sources */,
				2C2A3A5C245434C300D76132 /* Assembly.swift in Sources */,
				2C58B8C1245C5CD100961898 /* LocalStorage.swift in Sources */,
				2C2A3A862454408100D76132 /* Mappable.swift in Sources */,
				2C2A3ABA24544D9200D76132 /* NetworkAssembly+MapServices.swift in Sources */,
				2C2A3A542454309F00D76132 /* Polyline.swift in Sources */,
				2C95D248245591540043EEDB /* FontSize.swift in Sources */,
				2C2A3A6B2454375C00D76132 /* TripListPresenter.swift in Sources */,
				2C7171E2245C7C2E005BD939 /* BadgeNumberUpdater.swift in Sources */,
				2C74147C2458966A00FB071C /* GetStopUseCase.swift in Sources */,
				2C2A3A3B24542E1400D76132 /* View.swift in Sources */,
				2C7414742458627A00FB071C /* Stop.swift in Sources */,
				2C2A3A712454375C00D76132 /* TripListUI.swift in Sources */,
				2C58B8BC245C2C6A00961898 /* Bundle+Framework.swift in Sources */,
				2C2A3A6A2454375C00D76132 /* TripListNavigator.swift in Sources */,
				2C2A3AB224544C2400D76132 /* TripsEndpoint.swift in Sources */,
				2C2A3AB024544C1100D76132 /* Trip.swift in Sources */,
				2C2A3A8124543F3900D76132 /* NetworkAssembly+Moya.swift in Sources */,
				2C2A3A56245430B300D76132 /* MKMultiPoint+Extensions.swift in Sources */,
				2C74149E245C233200FB071C /* FormViewController.swift in Sources */,
				2C2A3A9824544ACA00D76132 /* MapRepository.swift in Sources */,
				2C74149D245C233200FB071C /* FormPresenter.swift in Sources */,
				2C2A3AAB24544BD600D76132 /* MapService.swift in Sources */,
				2C2A3A522454306E00D76132 /* MapKitRouteDrawable.swift in Sources */,
				2C2A3A6E2454375C00D76132 /* TripListInteractor.swift in Sources */,
				2C2A3A842454407200D76132 /* Endpoint.swift in Sources */,
				2C2A3A9A24544AF700D76132 /* MapDataSource.swift in Sources */,
				2C2A3AA924544BA800D76132 /* GetTrips.swift in Sources */,
				2C95D2562456DEC60043EEDB /* MapKitAnnotation.swift in Sources */,
				2C2A3AD424557D0C00D76132 /* Error+Message.swift in Sources */,
				2C2A3AA524544B7D00D76132 /* TripsApiToDomainMapper.swift in Sources */,
				2C2A3A8E245441EA00D76132 /* TargetType+Default.swift in Sources */,
				2C2A3AA724544B9A00D76132 /* GetTripsUseCase.swift in Sources */,
				2C2A3A4624542F9900D76132 /* MapView.swift in Sources */,
				2C2A3AC7245493CE00D76132 /* TableViewCell+ReuseIdentifier.swift in Sources */,
				2C7414A1245C233200FB071C /* DefaultFormNavigator.swift in Sources */,
				2C74146424583F7100FB071C /* MapKitProvider+Annotation.swift in Sources */,
				2C2A3A912454499300D76132 /* NetworkAssembly+ErrorAdapter.swift in Sources */,
				2C74149B245C233200FB071C /* Assembly+formViewController.swift in Sources */,
				2C74149C245C233200FB071C /* FormNavigator.swift in Sources */,
				2C2A3A4A24542FE700D76132 /* MapProvider.swift in Sources */,
				2C58B8C3245C5D0D00961898 /* LocalStorageKey.swift in Sources */,
				2C95D24B2456D97C0043EEDB /* AnnotationDrawable.swift in Sources */,
				2C2A3A6D2454375C00D76132 /* DefaultTripListInteractor.swift in Sources */,
				2C2A3AD624557D5F00D76132 /* UIViewController+Loading.swift in Sources */,
				2C2A3A9D24544B1300D76132 /* MapApiDataSource.swift in Sources */,
				2C74149F245C233200FB071C /* DefaultFormInteractor.swift in Sources */,
				2C2A3A8A245440DE00D76132 /* DefaultErrorAdapter.swift in Sources */,
				2C2A3A732454375C00D76132 /* TripListProvider.swift in Sources */,
				2C7414782458961C00FB071C /* StopApiToDomainMapper.swift in Sources */,
				2C58B8C6245C5E3400961898 /* FormInfo.swift in Sources */,
				2C2A3AC32454931000D76132 /* TripViewCell.swift in Sources */,
				2C2A3A7F24543F0A00D76132 /* NetworkAssembly.swift in Sources */,
				2C2A3A01245429BB00D76132 /* AppDelegate.swift in Sources */,
				2C7414A4245C233200FB071C /* DefaultFormPresenter.swift in Sources */,
				2C58B8BF245C5CB300961898 /* UserDefaultsLocalStorage.swift in Sources */,
				2C74147E2458967C00FB071C /* GetStop.swift in Sources */,
				2C7171E4245C85FF005BD939 /* TextField.swift in Sources */,
				2C2A3A7624543E7300D76132 /* String+MapToDateString.swift in Sources */,
				2C2A3A702454375C00D76132 /* TripListView.swift in Sources */,
				2C2A3A4824542FCE00D76132 /* MapKitProvider.swift in Sources */,
				2C2A3A88245440C000D76132 /* ErrorAdapter.swift in Sources */,
				2C7171EA245C9E0B005BD939 /* UIColor+HexColor.swift in Sources */,
				2C2A3A03245429BB00D76132 /* SceneDelegate.swift in Sources */,
				2C2A3A6F2454375C00D76132 /* DefaultTripListNavigator.swift in Sources */,
				2C7414A3245C233200FB071C /* FormUI.swift in Sources */,
				2C7414A2245C233200FB071C /* FormView.swift in Sources */,
				2C74148B245ACEC500FB071C /* StopInfoAlertView.swift in Sources */,
				2C741476245895A500FB071C /* StopEndpoint.swift in Sources */,
				2C741487245ACD6D00FB071C /* StopInfoAlertProvider.swift in Sources */,
				2C2A3A502454305700D76132 /* RouteDrawable.swift in Sources */,
				2C2A3AA324544B6900D76132 /* TripsApiResponse.swift in Sources */,
				2C741489245ACDD900FB071C /* DefaultStopInfoAlertProvider.swift in Sources */,
				2C95D2532456DE5B0043EEDB /* Annotation.swift in Sources */,
				2C2A3AC52454934D00D76132 /* TableViewCell.swift in Sources */,
				2C7414722458626C00FB071C /* StopRequest.swift in Sources */,
				2C58B8BA245C2BF700961898 /* Images.swift in Sources */,
				2C7414A0245C233200FB071C /* FormInteractor.swift in Sources */,
				2C74147A2458962B00FB071C /* StopApiResponse.swift in Sources */,
			);
			runOnlyForDeploymentPostprocessing = 0;
		};
		2C2A3A0F245429BE00D76132 /* Sources */ = {
			isa = PBXSourcesBuildPhase;
			buildActionMask = 2147483647;
			files = (
				2C2A3ADA2455828D00D76132 /* TripListInteractorSpec.swift in Sources */,
				2C7171DA245C6D3B005BD939 /* FormInteractorSpec.swift in Sources */,
				2C2A3A18245429BE00D76132 /* MapsCodeTestTests.swift in Sources */,
				2C7171F2245D68D6005BD939 /* FormMocks.swift in Sources */,
				2C2A3ABD24544E4100D76132 /* Fixture.swift in Sources */,
				2C7171ED245CA0C3005BD939 /* EmailValidatorTests.swift in Sources */,
				2C58B8B7245C2A8B00961898 /* FormViewSpec.swift in Sources */,
				2C2A3ACE2454A14E00D76132 /* TripListViewSpec.swift in Sources */,
				2C2A3AD224557BB400D76132 /* TripListPresenterSpec.swift in Sources */,
				2C2A3AD02454A21900D76132 /* XCTestCase+UIViewController.swift in Sources */,
				2C2A3A3424542D5F00D76132 /* AutoMockable.generated.swift in Sources */,
				2C7171D8245C69E9005BD939 /* FormPresenterSpec.swift in Sources */,
				2C5A1CF72458336B00F597E9 /* TripModelMocks.swift in Sources */,
				2C2A3AB724544D4600D76132 /* MapsSpec.swift in Sources */,
			);
			runOnlyForDeploymentPostprocessing = 0;
		};
		2C2A3A1A245429BE00D76132 /* Sources */ = {
			isa = PBXSourcesBuildPhase;
			buildActionMask = 2147483647;
			files = (
				2C2A3A23245429BE00D76132 /* MapsCodeTestUITests.swift in Sources */,
			);
			runOnlyForDeploymentPostprocessing = 0;
		};
/* End PBXSourcesBuildPhase section */

/* Begin PBXTargetDependency section */
		2C2A3A15245429BE00D76132 /* PBXTargetDependency */ = {
			isa = PBXTargetDependency;
			target = 2C2A39FC245429BB00D76132 /* MapsCodeTest */;
			targetProxy = 2C2A3A14245429BE00D76132 /* PBXContainerItemProxy */;
		};
		2C2A3A20245429BE00D76132 /* PBXTargetDependency */ = {
			isa = PBXTargetDependency;
			target = 2C2A39FC245429BB00D76132 /* MapsCodeTest */;
			targetProxy = 2C2A3A1F245429BE00D76132 /* PBXContainerItemProxy */;
		};
/* End PBXTargetDependency section */

/* Begin PBXVariantGroup section */
		2C2A3A0B245429BE00D76132 /* LaunchScreen.storyboard */ = {
			isa = PBXVariantGroup;
			children = (
				2C2A3A0C245429BE00D76132 /* Base */,
			);
			name = LaunchScreen.storyboard;
			sourceTree = "<group>";
		};
/* End PBXVariantGroup section */

/* Begin XCBuildConfiguration section */
		2C2A3A25245429BE00D76132 /* Debug */ = {
			isa = XCBuildConfiguration;
			buildSettings = {
				ALWAYS_SEARCH_USER_PATHS = NO;
				CLANG_ANALYZER_NONNULL = YES;
				CLANG_ANALYZER_NUMBER_OBJECT_CONVERSION = YES_AGGRESSIVE;
				CLANG_CXX_LANGUAGE_STANDARD = "gnu++14";
				CLANG_CXX_LIBRARY = "libc++";
				CLANG_ENABLE_MODULES = YES;
				CLANG_ENABLE_OBJC_ARC = YES;
				CLANG_ENABLE_OBJC_WEAK = YES;
				CLANG_WARN_BLOCK_CAPTURE_AUTORELEASING = YES;
				CLANG_WARN_BOOL_CONVERSION = YES;
				CLANG_WARN_COMMA = YES;
				CLANG_WARN_CONSTANT_CONVERSION = YES;
				CLANG_WARN_DEPRECATED_OBJC_IMPLEMENTATIONS = YES;
				CLANG_WARN_DIRECT_OBJC_ISA_USAGE = YES_ERROR;
				CLANG_WARN_DOCUMENTATION_COMMENTS = YES;
				CLANG_WARN_EMPTY_BODY = YES;
				CLANG_WARN_ENUM_CONVERSION = YES;
				CLANG_WARN_INFINITE_RECURSION = YES;
				CLANG_WARN_INT_CONVERSION = YES;
				CLANG_WARN_NON_LITERAL_NULL_CONVERSION = YES;
				CLANG_WARN_OBJC_IMPLICIT_RETAIN_SELF = YES;
				CLANG_WARN_OBJC_LITERAL_CONVERSION = YES;
				CLANG_WARN_OBJC_ROOT_CLASS = YES_ERROR;
				CLANG_WARN_RANGE_LOOP_ANALYSIS = YES;
				CLANG_WARN_STRICT_PROTOTYPES = YES;
				CLANG_WARN_SUSPICIOUS_MOVE = YES;
				CLANG_WARN_UNGUARDED_AVAILABILITY = YES_AGGRESSIVE;
				CLANG_WARN_UNREACHABLE_CODE = YES;
				CLANG_WARN__DUPLICATE_METHOD_MATCH = YES;
				COPY_PHASE_STRIP = NO;
				DEBUG_INFORMATION_FORMAT = dwarf;
				ENABLE_STRICT_OBJC_MSGSEND = YES;
				ENABLE_TESTABILITY = YES;
				GCC_C_LANGUAGE_STANDARD = gnu11;
				GCC_DYNAMIC_NO_PIC = NO;
				GCC_NO_COMMON_BLOCKS = YES;
				GCC_OPTIMIZATION_LEVEL = 0;
				GCC_PREPROCESSOR_DEFINITIONS = (
					"DEBUG=1",
					"$(inherited)",
				);
				GCC_WARN_64_TO_32_BIT_CONVERSION = YES;
				GCC_WARN_ABOUT_RETURN_TYPE = YES_ERROR;
				GCC_WARN_UNDECLARED_SELECTOR = YES;
				GCC_WARN_UNINITIALIZED_AUTOS = YES_AGGRESSIVE;
				GCC_WARN_UNUSED_FUNCTION = YES;
				GCC_WARN_UNUSED_VARIABLE = YES;
				IPHONEOS_DEPLOYMENT_TARGET = 13.4;
				MTL_ENABLE_DEBUG_INFO = INCLUDE_SOURCE;
				MTL_FAST_MATH = YES;
				ONLY_ACTIVE_ARCH = YES;
				SDKROOT = iphoneos;
				SWIFT_ACTIVE_COMPILATION_CONDITIONS = DEBUG;
				SWIFT_OPTIMIZATION_LEVEL = "-Onone";
			};
			name = Debug;
		};
		2C2A3A26245429BE00D76132 /* Release */ = {
			isa = XCBuildConfiguration;
			buildSettings = {
				ALWAYS_SEARCH_USER_PATHS = NO;
				CLANG_ANALYZER_NONNULL = YES;
				CLANG_ANALYZER_NUMBER_OBJECT_CONVERSION = YES_AGGRESSIVE;
				CLANG_CXX_LANGUAGE_STANDARD = "gnu++14";
				CLANG_CXX_LIBRARY = "libc++";
				CLANG_ENABLE_MODULES = YES;
				CLANG_ENABLE_OBJC_ARC = YES;
				CLANG_ENABLE_OBJC_WEAK = YES;
				CLANG_WARN_BLOCK_CAPTURE_AUTORELEASING = YES;
				CLANG_WARN_BOOL_CONVERSION = YES;
				CLANG_WARN_COMMA = YES;
				CLANG_WARN_CONSTANT_CONVERSION = YES;
				CLANG_WARN_DEPRECATED_OBJC_IMPLEMENTATIONS = YES;
				CLANG_WARN_DIRECT_OBJC_ISA_USAGE = YES_ERROR;
				CLANG_WARN_DOCUMENTATION_COMMENTS = YES;
				CLANG_WARN_EMPTY_BODY = YES;
				CLANG_WARN_ENUM_CONVERSION = YES;
				CLANG_WARN_INFINITE_RECURSION = YES;
				CLANG_WARN_INT_CONVERSION = YES;
				CLANG_WARN_NON_LITERAL_NULL_CONVERSION = YES;
				CLANG_WARN_OBJC_IMPLICIT_RETAIN_SELF = YES;
				CLANG_WARN_OBJC_LITERAL_CONVERSION = YES;
				CLANG_WARN_OBJC_ROOT_CLASS = YES_ERROR;
				CLANG_WARN_RANGE_LOOP_ANALYSIS = YES;
				CLANG_WARN_STRICT_PROTOTYPES = YES;
				CLANG_WARN_SUSPICIOUS_MOVE = YES;
				CLANG_WARN_UNGUARDED_AVAILABILITY = YES_AGGRESSIVE;
				CLANG_WARN_UNREACHABLE_CODE = YES;
				CLANG_WARN__DUPLICATE_METHOD_MATCH = YES;
				COPY_PHASE_STRIP = NO;
				DEBUG_INFORMATION_FORMAT = "dwarf-with-dsym";
				ENABLE_NS_ASSERTIONS = NO;
				ENABLE_STRICT_OBJC_MSGSEND = YES;
				GCC_C_LANGUAGE_STANDARD = gnu11;
				GCC_NO_COMMON_BLOCKS = YES;
				GCC_WARN_64_TO_32_BIT_CONVERSION = YES;
				GCC_WARN_ABOUT_RETURN_TYPE = YES_ERROR;
				GCC_WARN_UNDECLARED_SELECTOR = YES;
				GCC_WARN_UNINITIALIZED_AUTOS = YES_AGGRESSIVE;
				GCC_WARN_UNUSED_FUNCTION = YES;
				GCC_WARN_UNUSED_VARIABLE = YES;
				IPHONEOS_DEPLOYMENT_TARGET = 13.4;
				MTL_ENABLE_DEBUG_INFO = NO;
				MTL_FAST_MATH = YES;
				SDKROOT = iphoneos;
				SWIFT_COMPILATION_MODE = wholemodule;
				SWIFT_OPTIMIZATION_LEVEL = "-O";
				VALIDATE_PRODUCT = YES;
			};
			name = Release;
		};
		2C2A3A28245429BE00D76132 /* Debug */ = {
			isa = XCBuildConfiguration;
			baseConfigurationReference = B3041D7A72D3CA8C54F90182 /* Pods-MapsCodeTest.debug.xcconfig */;
			buildSettings = {
				ASSETCATALOG_COMPILER_APPICON_NAME = AppIcon;
				CODE_SIGN_STYLE = Automatic;
				INFOPLIST_FILE = MapsCodeTest/Info.plist;
				LD_RUNPATH_SEARCH_PATHS = (
					"$(inherited)",
					"@executable_path/Frameworks",
				);
				PRODUCT_BUNDLE_IDENTIFIER = norolim.MapsCodeTest;
				PRODUCT_NAME = "$(TARGET_NAME)";
				SWIFT_VERSION = 5.0;
				TARGETED_DEVICE_FAMILY = "1,2";
			};
			name = Debug;
		};
		2C2A3A29245429BE00D76132 /* Release */ = {
			isa = XCBuildConfiguration;
			baseConfigurationReference = 19C2E1BF320EB9F3FFA04760 /* Pods-MapsCodeTest.release.xcconfig */;
			buildSettings = {
				ASSETCATALOG_COMPILER_APPICON_NAME = AppIcon;
				CODE_SIGN_STYLE = Automatic;
				INFOPLIST_FILE = MapsCodeTest/Info.plist;
				LD_RUNPATH_SEARCH_PATHS = (
					"$(inherited)",
					"@executable_path/Frameworks",
				);
				PRODUCT_BUNDLE_IDENTIFIER = norolim.MapsCodeTest;
				PRODUCT_NAME = "$(TARGET_NAME)";
				SWIFT_VERSION = 5.0;
				TARGETED_DEVICE_FAMILY = "1,2";
			};
			name = Release;
		};
		2C2A3A2B245429BE00D76132 /* Debug */ = {
			isa = XCBuildConfiguration;
			baseConfigurationReference = CB29AA9D4CAAC42DB092CAA8 /* Pods-MapsCodeTestTests.debug.xcconfig */;
			buildSettings = {
				ALWAYS_EMBED_SWIFT_STANDARD_LIBRARIES = YES;
				BUNDLE_LOADER = "$(TEST_HOST)";
				CODE_SIGN_STYLE = Automatic;
				INFOPLIST_FILE = MapsCodeTestTests/Info.plist;
				IPHONEOS_DEPLOYMENT_TARGET = 13.4;
				LD_RUNPATH_SEARCH_PATHS = (
					"$(inherited)",
					"@executable_path/Frameworks",
					"@loader_path/Frameworks",
				);
				PRODUCT_BUNDLE_IDENTIFIER = norolim.MapsCodeTestTests;
				PRODUCT_NAME = "$(TARGET_NAME)";
				SWIFT_VERSION = 5.0;
				TARGETED_DEVICE_FAMILY = "1,2";
				TEST_HOST = "$(BUILT_PRODUCTS_DIR)/MapsCodeTest.app/MapsCodeTest";
			};
			name = Debug;
		};
		2C2A3A2C245429BE00D76132 /* Release */ = {
			isa = XCBuildConfiguration;
			baseConfigurationReference = 8E03198628B2289CB63B8E0C /* Pods-MapsCodeTestTests.release.xcconfig */;
			buildSettings = {
				ALWAYS_EMBED_SWIFT_STANDARD_LIBRARIES = YES;
				BUNDLE_LOADER = "$(TEST_HOST)";
				CODE_SIGN_STYLE = Automatic;
				INFOPLIST_FILE = MapsCodeTestTests/Info.plist;
				IPHONEOS_DEPLOYMENT_TARGET = 13.4;
				LD_RUNPATH_SEARCH_PATHS = (
					"$(inherited)",
					"@executable_path/Frameworks",
					"@loader_path/Frameworks",
				);
				PRODUCT_BUNDLE_IDENTIFIER = norolim.MapsCodeTestTests;
				PRODUCT_NAME = "$(TARGET_NAME)";
				SWIFT_VERSION = 5.0;
				TARGETED_DEVICE_FAMILY = "1,2";
				TEST_HOST = "$(BUILT_PRODUCTS_DIR)/MapsCodeTest.app/MapsCodeTest";
			};
			name = Release;
		};
		2C2A3A2E245429BE00D76132 /* Debug */ = {
			isa = XCBuildConfiguration;
			baseConfigurationReference = B6320608E502FA0824D4F5AF /* Pods-MapsCodeTestUITests.debug.xcconfig */;
			buildSettings = {
				ALWAYS_EMBED_SWIFT_STANDARD_LIBRARIES = YES;
				CODE_SIGN_STYLE = Automatic;
				INFOPLIST_FILE = MapsCodeTestUITests/Info.plist;
				LD_RUNPATH_SEARCH_PATHS = (
					"$(inherited)",
					"@executable_path/Frameworks",
					"@loader_path/Frameworks",
				);
				PRODUCT_BUNDLE_IDENTIFIER = norolim.MapsCodeTestUITests;
				PRODUCT_NAME = "$(TARGET_NAME)";
				SWIFT_VERSION = 5.0;
				TARGETED_DEVICE_FAMILY = "1,2";
				TEST_TARGET_NAME = MapsCodeTest;
			};
			name = Debug;
		};
		2C2A3A2F245429BE00D76132 /* Release */ = {
			isa = XCBuildConfiguration;
			baseConfigurationReference = D935A879957AF8762FB0981E /* Pods-MapsCodeTestUITests.release.xcconfig */;
			buildSettings = {
				ALWAYS_EMBED_SWIFT_STANDARD_LIBRARIES = YES;
				CODE_SIGN_STYLE = Automatic;
				INFOPLIST_FILE = MapsCodeTestUITests/Info.plist;
				LD_RUNPATH_SEARCH_PATHS = (
					"$(inherited)",
					"@executable_path/Frameworks",
					"@loader_path/Frameworks",
				);
				PRODUCT_BUNDLE_IDENTIFIER = norolim.MapsCodeTestUITests;
				PRODUCT_NAME = "$(TARGET_NAME)";
				SWIFT_VERSION = 5.0;
				TARGETED_DEVICE_FAMILY = "1,2";
				TEST_TARGET_NAME = MapsCodeTest;
			};
			name = Release;
		};
/* End XCBuildConfiguration section */

/* Begin XCConfigurationList section */
		2C2A39F8245429BB00D76132 /* Build configuration list for PBXProject "MapsCodeTest" */ = {
			isa = XCConfigurationList;
			buildConfigurations = (
				2C2A3A25245429BE00D76132 /* Debug */,
				2C2A3A26245429BE00D76132 /* Release */,
			);
			defaultConfigurationIsVisible = 0;
			defaultConfigurationName = Release;
		};
		2C2A3A27245429BE00D76132 /* Build configuration list for PBXNativeTarget "MapsCodeTest" */ = {
			isa = XCConfigurationList;
			buildConfigurations = (
				2C2A3A28245429BE00D76132 /* Debug */,
				2C2A3A29245429BE00D76132 /* Release */,
			);
			defaultConfigurationIsVisible = 0;
			defaultConfigurationName = Release;
		};
		2C2A3A2A245429BE00D76132 /* Build configuration list for PBXNativeTarget "MapsCodeTestTests" */ = {
			isa = XCConfigurationList;
			buildConfigurations = (
				2C2A3A2B245429BE00D76132 /* Debug */,
				2C2A3A2C245429BE00D76132 /* Release */,
			);
			defaultConfigurationIsVisible = 0;
			defaultConfigurationName = Release;
		};
		2C2A3A2D245429BE00D76132 /* Build configuration list for PBXNativeTarget "MapsCodeTestUITests" */ = {
			isa = XCConfigurationList;
			buildConfigurations = (
				2C2A3A2E245429BE00D76132 /* Debug */,
				2C2A3A2F245429BE00D76132 /* Release */,
			);
			defaultConfigurationIsVisible = 0;
			defaultConfigurationName = Release;
		};
/* End XCConfigurationList section */
	};
	rootObject = 2C2A39F5245429BB00D76132 /* Project object */;
}
